// !$*UTF8*$!
{
	archiveVersion = 1;
	classes = {
	};
	objectVersion = 51;
	objects = {

/* Begin PBXBuildFile section */
		026DD9719B25B6B0DC6AC873 /* CameraRouter.swift in Sources */ = {isa = PBXBuildFile; fileRef = DB5B74D4B02E2E2EFC129E1B /* CameraRouter.swift */; };
		0BAF214F3B7A7079F5DFF9C8 /* CameraModuleConfigurator.swift in Sources */ = {isa = PBXBuildFile; fileRef = E8557D2B6D5AC782A9A30D5A /* CameraModuleConfigurator.swift */; };
		0EC75D1C60FD4BF9F0F5A445 /* CameraRouterTests.swift in Sources */ = {isa = PBXBuildFile; fileRef = 41DCC0FDA931FBC3DFF2E1A3 /* CameraRouterTests.swift */; };
		14EAAEFF4DEEF2F94B18B11F /* CameraPresenter.swift in Sources */ = {isa = PBXBuildFile; fileRef = E4B018000517C03BF411B4C0 /* CameraPresenter.swift */; };
		27CD1EE88699E4748B5C09FE /* CameraViewController.storyboard in Resources */ = {isa = PBXBuildFile; fileRef = 03E92F314072FF3382FDBB75 /* CameraViewController.storyboard */; };
		3261E9D49AFAF425D223727C /* CameraModuleOutput.swift in Sources */ = {isa = PBXBuildFile; fileRef = C5E9E033166A475AE035F09A /* CameraModuleOutput.swift */; };
		37B1DF5505D422C8EE6545C0 /* CameraModuleInput.swift in Sources */ = {isa = PBXBuildFile; fileRef = C13D865D9019422E36F936BF /* CameraModuleInput.swift */; };
		3A5844C8E11D7FB9FE8DCDF4 /* CameraViewController.swift in Sources */ = {isa = PBXBuildFile; fileRef = 7331705952103BACED904E2D /* CameraViewController.swift */; };
		4EC9FC3ADD85D9A26EEB03D4 /* CameraPresenterTests.swift in Sources */ = {isa = PBXBuildFile; fileRef = 182FA75E891F9C79AB75E043 /* CameraPresenterTests.swift */; };
		58569EB1E42AED7422200145 /* CameraViewInput.swift in Sources */ = {isa = PBXBuildFile; fileRef = 7BD2DF346E443FD93D4D2800 /* CameraViewInput.swift */; };
		9BBD2ED45A71761E809D505B /* CameraRouterInput.swift in Sources */ = {isa = PBXBuildFile; fileRef = C1442DF2F17564916FEABB4D /* CameraRouterInput.swift */; };
		A28705C4DF7553B159A938B2 /* CameraViewTests.swift in Sources */ = {isa = PBXBuildFile; fileRef = 52C2D76D504280A42486972E /* CameraViewTests.swift */; };
		B73A8C1FF2180DBF9F6F2F8B /* CameraModuleConfiguratorTests.swift in Sources */ = {isa = PBXBuildFile; fileRef = 08A60194102966E41A325637 /* CameraModuleConfiguratorTests.swift */; };
		CF57092F610983F949DC142B /* Pods_iSee.framework in Frameworks */ = {isa = PBXBuildFile; fileRef = 08DA63D54E782A5A9597A0D7 /* Pods_iSee.framework */; };
		ED3FBAECFC7BB40470B50215 /* CameraViewOutput.swift in Sources */ = {isa = PBXBuildFile; fileRef = 803B3541548D5978E635588E /* CameraViewOutput.swift */; };
		F55F5CE8239268DB00890055 /* lensAnimation.json in Resources */ = {isa = PBXBuildFile; fileRef = F55F5CE7239268DB00890055 /* lensAnimation.json */; };
		F55F5CEB239278CC00890055 /* ShotButton.swift in Sources */ = {isa = PBXBuildFile; fileRef = F55F5CEA239278CC00890055 /* ShotButton.swift */; };
		F55F5CEE23928F8E00890055 /* LoaderView.swift in Sources */ = {isa = PBXBuildFile; fileRef = F55F5CED23928F8E00890055 /* LoaderView.swift */; };
		F55F5CF02392910000890055 /* UIView.swift in Sources */ = {isa = PBXBuildFile; fileRef = F55F5CEF2392910000890055 /* UIView.swift */; };
		F55F5CF2239291E000890055 /* StatePresentable.swift in Sources */ = {isa = PBXBuildFile; fileRef = F55F5CF1239291E000890055 /* StatePresentable.swift */; };
		F55F5CF52392A3E600890055 /* PreviewImageView.swift in Sources */ = {isa = PBXBuildFile; fileRef = F55F5CF42392A3E600890055 /* PreviewImageView.swift */; };
		F598B2EB239198BA00AB7B55 /* fastlane in Resources */ = {isa = PBXBuildFile; fileRef = F598B2EA239198BA00AB7B55 /* fastlane */; };
		F598B2ED239198BA00AB7B55 /* ci in Resources */ = {isa = PBXBuildFile; fileRef = F598B2EC239198BA00AB7B55 /* ci */; };
		F598B2EF239198BA00AB7B55 /* Podfile in Resources */ = {isa = PBXBuildFile; fileRef = F598B2EE239198BA00AB7B55 /* Podfile */; };
		F598B2F1239198BA00AB7B55 /* .gitignore in Resources */ = {isa = PBXBuildFile; fileRef = F598B2F0239198BA00AB7B55 /* .gitignore */; };
		F598B313239198BA00AB7B55 /* LaunchScreen.xib in Resources */ = {isa = PBXBuildFile; fileRef = F598B312239198BA00AB7B55 /* LaunchScreen.xib */; };
		F598B315239198BA00AB7B55 /* Assets.xcassets in Resources */ = {isa = PBXBuildFile; fileRef = F598B314239198BA00AB7B55 /* Assets.xcassets */; };
		F598B317239198BA00AB7B55 /* AppDelegate.swift in Sources */ = {isa = PBXBuildFile; fileRef = F598B316239198BA00AB7B55 /* AppDelegate.swift */; };
		F598B31C239198BA00AB7B55 /* Assets.swift in Sources */ = {isa = PBXBuildFile; fileRef = F598B31B239198BA00AB7B55 /* Assets.swift */; };
		F598B31E239198BA00AB7B55 /* Fonts.swift in Sources */ = {isa = PBXBuildFile; fileRef = F598B31D239198BA00AB7B55 /* Fonts.swift */; };
		F598B320239198BA00AB7B55 /* Strings.swift in Sources */ = {isa = PBXBuildFile; fileRef = F598B31F239198BA00AB7B55 /* Strings.swift */; };
		F598B323239198BA00AB7B55 /* Colors.swift in Sources */ = {isa = PBXBuildFile; fileRef = F598B322239198BA00AB7B55 /* Colors.swift */; };
		F598B325239198BA00AB7B55 /* swiftgen.yml in Resources */ = {isa = PBXBuildFile; fileRef = F598B324239198BA00AB7B55 /* swiftgen.yml */; };
		F598B327239198BA00AB7B55 /* .swiftlint.yml in Resources */ = {isa = PBXBuildFile; fileRef = F598B326239198BA00AB7B55 /* .swiftlint.yml */; };
		F598B32E239198BA00AB7B55 /* ModuleTrasitionable.swift in Sources */ = {isa = PBXBuildFile; fileRef = F598B32D239198BA00AB7B55 /* ModuleTrasitionable.swift */; };
		F598B339239198BB00AB7B55 /* iSeeTests.swift in Sources */ = {isa = PBXBuildFile; fileRef = F598B338239198BB00AB7B55 /* iSeeTests.swift */; };
		F598B33E239198BB00AB7B55 /* XCTestCase.swift in Sources */ = {isa = PBXBuildFile; fileRef = F598B33D239198BB00AB7B55 /* XCTestCase.swift */; };
/* End PBXBuildFile section */

/* Begin PBXContainerItemProxy section */
		F598B335239198BB00AB7B55 /* PBXContainerItemProxy */ = {
			isa = PBXContainerItemProxy;
			containerPortal = F598B2DC239198BA00AB7B55 /* Project object */;
			proxyType = 1;
			remoteGlobalIDString = F598B2E5239198BA00AB7B55;
			remoteInfo = iSee;
		};
/* End PBXContainerItemProxy section */

/* Begin PBXFileReference section */
		03E92F314072FF3382FDBB75 /* CameraViewController.storyboard */ = {isa = PBXFileReference; includeInIndex = 1; lastKnownFileType = file.storyboard; path = CameraViewController.storyboard; sourceTree = "<group>"; };
		08A60194102966E41A325637 /* CameraModuleConfiguratorTests.swift */ = {isa = PBXFileReference; includeInIndex = 1; lastKnownFileType = sourcecode.swift; path = CameraModuleConfiguratorTests.swift; sourceTree = "<group>"; };
		08DA63D54E782A5A9597A0D7 /* Pods_iSee.framework */ = {isa = PBXFileReference; explicitFileType = wrapper.framework; includeInIndex = 0; path = Pods_iSee.framework; sourceTree = BUILT_PRODUCTS_DIR; };
		182FA75E891F9C79AB75E043 /* CameraPresenterTests.swift */ = {isa = PBXFileReference; includeInIndex = 1; lastKnownFileType = sourcecode.swift; path = CameraPresenterTests.swift; sourceTree = "<group>"; };
		41DCC0FDA931FBC3DFF2E1A3 /* CameraRouterTests.swift */ = {isa = PBXFileReference; includeInIndex = 1; lastKnownFileType = sourcecode.swift; path = CameraRouterTests.swift; sourceTree = "<group>"; };
		52C2D76D504280A42486972E /* CameraViewTests.swift */ = {isa = PBXFileReference; includeInIndex = 1; lastKnownFileType = sourcecode.swift; path = CameraViewTests.swift; sourceTree = "<group>"; };
		7331705952103BACED904E2D /* CameraViewController.swift */ = {isa = PBXFileReference; includeInIndex = 1; lastKnownFileType = sourcecode.swift; path = CameraViewController.swift; sourceTree = "<group>"; };
		7BD2DF346E443FD93D4D2800 /* CameraViewInput.swift */ = {isa = PBXFileReference; includeInIndex = 1; lastKnownFileType = sourcecode.swift; path = CameraViewInput.swift; sourceTree = "<group>"; };
		803B3541548D5978E635588E /* CameraViewOutput.swift */ = {isa = PBXFileReference; includeInIndex = 1; lastKnownFileType = sourcecode.swift; path = CameraViewOutput.swift; sourceTree = "<group>"; };
		BDA159A1F6EF7F2163B114B0 /* Pods-iSee.debug.xcconfig */ = {isa = PBXFileReference; includeInIndex = 1; lastKnownFileType = text.xcconfig; name = "Pods-iSee.debug.xcconfig"; path = "Target Support Files/Pods-iSee/Pods-iSee.debug.xcconfig"; sourceTree = "<group>"; };
		C13D865D9019422E36F936BF /* CameraModuleInput.swift */ = {isa = PBXFileReference; includeInIndex = 1; lastKnownFileType = sourcecode.swift; path = CameraModuleInput.swift; sourceTree = "<group>"; };
		C1442DF2F17564916FEABB4D /* CameraRouterInput.swift */ = {isa = PBXFileReference; includeInIndex = 1; lastKnownFileType = sourcecode.swift; path = CameraRouterInput.swift; sourceTree = "<group>"; };
		C5E9E033166A475AE035F09A /* CameraModuleOutput.swift */ = {isa = PBXFileReference; includeInIndex = 1; lastKnownFileType = sourcecode.swift; path = CameraModuleOutput.swift; sourceTree = "<group>"; };
		D566E4ADD8265C1AD4D2D1AD /* Pods-iSee.release.xcconfig */ = {isa = PBXFileReference; includeInIndex = 1; lastKnownFileType = text.xcconfig; name = "Pods-iSee.release.xcconfig"; path = "Target Support Files/Pods-iSee/Pods-iSee.release.xcconfig"; sourceTree = "<group>"; };
		DB5B74D4B02E2E2EFC129E1B /* CameraRouter.swift */ = {isa = PBXFileReference; includeInIndex = 1; lastKnownFileType = sourcecode.swift; path = CameraRouter.swift; sourceTree = "<group>"; };
		E4B018000517C03BF411B4C0 /* CameraPresenter.swift */ = {isa = PBXFileReference; includeInIndex = 1; lastKnownFileType = sourcecode.swift; path = CameraPresenter.swift; sourceTree = "<group>"; };
		E8557D2B6D5AC782A9A30D5A /* CameraModuleConfigurator.swift */ = {isa = PBXFileReference; includeInIndex = 1; lastKnownFileType = sourcecode.swift; path = CameraModuleConfigurator.swift; sourceTree = "<group>"; };
		F55F5CE7239268DB00890055 /* lensAnimation.json */ = {isa = PBXFileReference; fileEncoding = 4; lastKnownFileType = text.json; path = lensAnimation.json; sourceTree = "<group>"; };
		F55F5CEA239278CC00890055 /* ShotButton.swift */ = {isa = PBXFileReference; lastKnownFileType = sourcecode.swift; path = ShotButton.swift; sourceTree = "<group>"; };
		F55F5CED23928F8E00890055 /* LoaderView.swift */ = {isa = PBXFileReference; lastKnownFileType = sourcecode.swift; path = LoaderView.swift; sourceTree = "<group>"; };
		F55F5CEF2392910000890055 /* UIView.swift */ = {isa = PBXFileReference; lastKnownFileType = sourcecode.swift; path = UIView.swift; sourceTree = "<group>"; };
		F55F5CF1239291E000890055 /* StatePresentable.swift */ = {isa = PBXFileReference; lastKnownFileType = sourcecode.swift; path = StatePresentable.swift; sourceTree = "<group>"; };
		F55F5CF42392A3E600890055 /* PreviewImageView.swift */ = {isa = PBXFileReference; lastKnownFileType = sourcecode.swift; path = PreviewImageView.swift; sourceTree = "<group>"; };
		F598B2E6239198BA00AB7B55 /* iSee.app */ = {isa = PBXFileReference; explicitFileType = wrapper.application; includeInIndex = 0; path = iSee.app; sourceTree = BUILT_PRODUCTS_DIR; };
		F598B2EA239198BA00AB7B55 /* fastlane */ = {isa = PBXFileReference; lastKnownFileType = folder; name = fastlane; path = ../../fastlane; sourceTree = "<group>"; };
		F598B2EC239198BA00AB7B55 /* ci */ = {isa = PBXFileReference; lastKnownFileType = folder; name = ci; path = ../../ci; sourceTree = "<group>"; };
		F598B2EE239198BA00AB7B55 /* Podfile */ = {isa = PBXFileReference; lastKnownFileType = text; name = Podfile; path = ../../Podfile; sourceTree = "<group>"; };
		F598B2F0239198BA00AB7B55 /* .gitignore */ = {isa = PBXFileReference; lastKnownFileType = text; name = .gitignore; path = ../../.gitignore; sourceTree = "<group>"; };
		F598B2F3239198BA00AB7B55 /* .gitkeep */ = {isa = PBXFileReference; lastKnownFileType = text; path = .gitkeep; sourceTree = "<group>"; };
		F598B2F5239198BA00AB7B55 /* .gitkeep */ = {isa = PBXFileReference; lastKnownFileType = text; path = .gitkeep; sourceTree = "<group>"; };
		F598B2F8239198BA00AB7B55 /* .gitkeep */ = {isa = PBXFileReference; lastKnownFileType = text; path = .gitkeep; sourceTree = "<group>"; };
		F598B2FA239198BA00AB7B55 /* .gitkeep */ = {isa = PBXFileReference; lastKnownFileType = text; path = .gitkeep; sourceTree = "<group>"; };
		F598B2FC239198BA00AB7B55 /* .gitkeep */ = {isa = PBXFileReference; lastKnownFileType = text; path = .gitkeep; sourceTree = "<group>"; };
		F598B2FE239198BA00AB7B55 /* .gitkeep */ = {isa = PBXFileReference; lastKnownFileType = text; path = .gitkeep; sourceTree = "<group>"; };
		F598B301239198BA00AB7B55 /* .gitkeep */ = {isa = PBXFileReference; lastKnownFileType = text; path = .gitkeep; sourceTree = "<group>"; };
		F598B303239198BA00AB7B55 /* .gitkeep */ = {isa = PBXFileReference; lastKnownFileType = text; path = .gitkeep; sourceTree = "<group>"; };
		F598B306239198BA00AB7B55 /* .gitkeep */ = {isa = PBXFileReference; lastKnownFileType = text; path = .gitkeep; sourceTree = "<group>"; };
		F598B310239198BA00AB7B55 /* .gitkeep */ = {isa = PBXFileReference; lastKnownFileType = text; path = .gitkeep; sourceTree = "<group>"; };
		F598B312239198BA00AB7B55 /* LaunchScreen.xib */ = {isa = PBXFileReference; lastKnownFileType = file.xib; path = LaunchScreen.xib; sourceTree = "<group>"; };
		F598B314239198BA00AB7B55 /* Assets.xcassets */ = {isa = PBXFileReference; lastKnownFileType = folder.assetcatalog; path = Assets.xcassets; sourceTree = "<group>"; };
		F598B316239198BA00AB7B55 /* AppDelegate.swift */ = {isa = PBXFileReference; lastKnownFileType = sourcecode.swift; path = AppDelegate.swift; sourceTree = "<group>"; };
		F598B31A239198BA00AB7B55 /* Localizable.strings */ = {isa = PBXFileReference; lastKnownFileType = text.plist.strings; path = Localizable.strings; sourceTree = "<group>"; };
		F598B31B239198BA00AB7B55 /* Assets.swift */ = {isa = PBXFileReference; lastKnownFileType = sourcecode.swift; path = Assets.swift; sourceTree = "<group>"; };
		F598B31D239198BA00AB7B55 /* Fonts.swift */ = {isa = PBXFileReference; lastKnownFileType = sourcecode.swift; path = Fonts.swift; sourceTree = "<group>"; };
		F598B31F239198BA00AB7B55 /* Strings.swift */ = {isa = PBXFileReference; lastKnownFileType = sourcecode.swift; path = Strings.swift; sourceTree = "<group>"; };
		F598B322239198BA00AB7B55 /* Colors.swift */ = {isa = PBXFileReference; lastKnownFileType = sourcecode.swift; path = Colors.swift; sourceTree = "<group>"; };
		F598B324239198BA00AB7B55 /* swiftgen.yml */ = {isa = PBXFileReference; lastKnownFileType = text.yaml; name = swiftgen.yml; path = ../../swiftgen.yml; sourceTree = "<group>"; };
		F598B326239198BA00AB7B55 /* .swiftlint.yml */ = {isa = PBXFileReference; lastKnownFileType = text.yaml; name = .swiftlint.yml; path = ../../.swiftlint.yml; sourceTree = "<group>"; };
		F598B328239198BA00AB7B55 /* Makefile */ = {isa = PBXFileReference; lastKnownFileType = sourcecode.make; name = Makefile; path = ../../Makefile; sourceTree = "<group>"; };
		F598B329239198BA00AB7B55 /* Gemfile */ = {isa = PBXFileReference; lastKnownFileType = text; name = Gemfile; path = ../../Gemfile; sourceTree = "<group>"; };
		F598B32A239198BA00AB7B55 /* commit-msg */ = {isa = PBXFileReference; lastKnownFileType = text; name = "commit-msg"; path = "../../commit-msg"; sourceTree = "<group>"; };
		F598B32B239198BA00AB7B55 /* Rambafile */ = {isa = PBXFileReference; lastKnownFileType = text; name = Rambafile; path = ../../Rambafile; sourceTree = "<group>"; };
		F598B32C239198BA00AB7B55 /* README.md */ = {isa = PBXFileReference; lastKnownFileType = net.daringfireball.markdown; name = README.md; path = ../../README.md; sourceTree = "<group>"; };
		F598B32D239198BA00AB7B55 /* ModuleTrasitionable.swift */ = {isa = PBXFileReference; lastKnownFileType = sourcecode.swift; path = ModuleTrasitionable.swift; sourceTree = "<group>"; };
		F598B32F239198BA00AB7B55 /* Info.plist */ = {isa = PBXFileReference; lastKnownFileType = text.plist.xml; path = Info.plist; sourceTree = "<group>"; };
		F598B334239198BB00AB7B55 /* iSeeTests.xctest */ = {isa = PBXFileReference; explicitFileType = wrapper.cfbundle; includeInIndex = 0; path = iSeeTests.xctest; sourceTree = BUILT_PRODUCTS_DIR; };
		F598B338239198BB00AB7B55 /* iSeeTests.swift */ = {isa = PBXFileReference; lastKnownFileType = sourcecode.swift; path = iSeeTests.swift; sourceTree = "<group>"; };
		F598B33B239198BB00AB7B55 /* .gitkeep */ = {isa = PBXFileReference; lastKnownFileType = text; path = .gitkeep; sourceTree = "<group>"; };
		F598B33C239198BB00AB7B55 /* .gitkeep */ = {isa = PBXFileReference; lastKnownFileType = text; name = .gitkeep; path = Resources/.gitkeep; sourceTree = "<group>"; };
		F598B33D239198BB00AB7B55 /* XCTestCase.swift */ = {isa = PBXFileReference; lastKnownFileType = sourcecode.swift; name = XCTestCase.swift; path = ../XCTestCase.swift; sourceTree = "<group>"; };
		F598B33F239198BB00AB7B55 /* Info.plist */ = {isa = PBXFileReference; lastKnownFileType = text.plist.xml; path = Info.plist; sourceTree = "<group>"; };
/* End PBXFileReference section */

/* Begin PBXFrameworksBuildPhase section */
		F598B2E1239198BA00AB7B55 /* Frameworks */ = {
			isa = PBXFrameworksBuildPhase;
			buildActionMask = 2147483647;
			files = (
				CF57092F610983F949DC142B /* Pods_iSee.framework in Frameworks */,
			);
			runOnlyForDeploymentPostprocessing = 0;
		};
		F598B331239198BB00AB7B55 /* Frameworks */ = {
			isa = PBXFrameworksBuildPhase;
			buildActionMask = 2147483647;
			files = (
			);
			runOnlyForDeploymentPostprocessing = 0;
		};
/* End PBXFrameworksBuildPhase section */

/* Begin PBXGroup section */
		1170B224290936CB89C03C5B /* Pods */ = {
			isa = PBXGroup;
			children = (
				BDA159A1F6EF7F2163B114B0 /* Pods-iSee.debug.xcconfig */,
				D566E4ADD8265C1AD4D2D1AD /* Pods-iSee.release.xcconfig */,
			);
			path = Pods;
			sourceTree = "<group>";
		};
		35F91493A8BC67E21DA72A59 /* Presenter */ = {
			isa = PBXGroup;
			children = (
				182FA75E891F9C79AB75E043 /* CameraPresenterTests.swift */,
			);
			path = Presenter;
			sourceTree = "<group>";
		};
		4ADC220CF31D10D747A0F804 /* Router */ = {
			isa = PBXGroup;
			children = (
				DB5B74D4B02E2E2EFC129E1B /* CameraRouter.swift */,
				C1442DF2F17564916FEABB4D /* CameraRouterInput.swift */,
			);
			path = Router;
			sourceTree = "<group>";
		};
		5927BF7E2B40719EB90272BE /* User Stories */ = {
			isa = PBXGroup;
			children = (
				5B9E98557E47C12A67274C98 /* Camera */,
			);
			path = "User Stories";
			sourceTree = "<group>";
		};
		59CE10BC83E9EA333B9B0477 /* Frameworks */ = {
			isa = PBXGroup;
			children = (
				08DA63D54E782A5A9597A0D7 /* Pods_iSee.framework */,
			);
			name = Frameworks;
			sourceTree = "<group>";
		};
		5B9E98557E47C12A67274C98 /* Camera */ = {
			isa = PBXGroup;
			children = (
				C7A7222D3D112900682710AE /* Configurator */,
				C2D2EC9D29EDA1FEE21BCD79 /* Router */,
				35F91493A8BC67E21DA72A59 /* Presenter */,
				97CEDC748A4ED2B3DF5AC6C3 /* View */,
			);
			path = Camera;
			sourceTree = "<group>";
		};
		801C903F4EB32504EDE46FA1 /* Configurator */ = {
			isa = PBXGroup;
			children = (
				E8557D2B6D5AC782A9A30D5A /* CameraModuleConfigurator.swift */,
			);
			path = Configurator;
			sourceTree = "<group>";
		};
		9540D8656A98593CCADD8A2D /* View */ = {
			isa = PBXGroup;
			children = (
				7331705952103BACED904E2D /* CameraViewController.swift */,
				03E92F314072FF3382FDBB75 /* CameraViewController.storyboard */,
				7BD2DF346E443FD93D4D2800 /* CameraViewInput.swift */,
				803B3541548D5978E635588E /* CameraViewOutput.swift */,
			);
			path = View;
			sourceTree = "<group>";
		};
		97CEDC748A4ED2B3DF5AC6C3 /* View */ = {
			isa = PBXGroup;
			children = (
				52C2D76D504280A42486972E /* CameraViewTests.swift */,
			);
			path = View;
			sourceTree = "<group>";
		};
		B9CC7E8D354516F424DB082C /* Presenter */ = {
			isa = PBXGroup;
			children = (
				E4B018000517C03BF411B4C0 /* CameraPresenter.swift */,
				C13D865D9019422E36F936BF /* CameraModuleInput.swift */,
				C5E9E033166A475AE035F09A /* CameraModuleOutput.swift */,
			);
			path = Presenter;
			sourceTree = "<group>";
		};
		C2D2EC9D29EDA1FEE21BCD79 /* Router */ = {
			isa = PBXGroup;
			children = (
				41DCC0FDA931FBC3DFF2E1A3 /* CameraRouterTests.swift */,
			);
			path = Router;
			sourceTree = "<group>";
		};
		C7A7222D3D112900682710AE /* Configurator */ = {
			isa = PBXGroup;
			children = (
				08A60194102966E41A325637 /* CameraModuleConfiguratorTests.swift */,
			);
			path = Configurator;
			sourceTree = "<group>";
		};
		F55F5CE6239268C700890055 /* Animation */ = {
			isa = PBXGroup;
			children = (
				F55F5CE7239268DB00890055 /* lensAnimation.json */,
			);
			path = Animation;
			sourceTree = "<group>";
		};
		F55F5CE9239278A600890055 /* Buttons */ = {
			isa = PBXGroup;
			children = (
				F55F5CEA239278CC00890055 /* ShotButton.swift */,
			);
			path = Buttons;
			sourceTree = "<group>";
		};
		F55F5CEC23928F7D00890055 /* LoaderView */ = {
			isa = PBXGroup;
			children = (
				F55F5CED23928F8E00890055 /* LoaderView.swift */,
			);
			path = LoaderView;
			sourceTree = "<group>";
		};
		F55F5CF32392A3C600890055 /* UIView */ = {
			isa = PBXGroup;
			children = (
				F55F5CF42392A3E600890055 /* PreviewImageView.swift */,
			);
			path = UIView;
			sourceTree = "<group>";
		};
		F598B2DB239198BA00AB7B55 = {
			isa = PBXGroup;
			children = (
				F598B2E8239198BA00AB7B55 /* iSee */,
				F598B337239198BB00AB7B55 /* iSeeTests */,
				F598B2E7239198BA00AB7B55 /* Products */,
				1170B224290936CB89C03C5B /* Pods */,
				59CE10BC83E9EA333B9B0477 /* Frameworks */,
			);
			sourceTree = "<group>";
		};
		F598B2E7239198BA00AB7B55 /* Products */ = {
			isa = PBXGroup;
			children = (
				F598B2E6239198BA00AB7B55 /* iSee.app */,
				F598B334239198BB00AB7B55 /* iSeeTests.xctest */,
			);
			name = Products;
			sourceTree = "<group>";
		};
		F598B2E8239198BA00AB7B55 /* iSee */ = {
			isa = PBXGroup;
			children = (
				F598B32F239198BA00AB7B55 /* Info.plist */,
				F598B2E9239198BA00AB7B55 /* Non-iOS Resources */,
				F598B2F2239198BA00AB7B55 /* Third Party */,
				F598B2F4239198BA00AB7B55 /* Services */,
				F598B2F6239198BA00AB7B55 /* Resources */,
				F598B2FF239198BA00AB7B55 /* Models */,
				F598B304239198BA00AB7B55 /* Library */,
				F598B311239198BA00AB7B55 /* Application */,
				F598B318239198BA00AB7B55 /* User Stories */,
			);
			path = iSee;
			sourceTree = "<group>";
		};
		F598B2E9239198BA00AB7B55 /* Non-iOS Resources */ = {
			isa = PBXGroup;
			children = (
				F598B2EA239198BA00AB7B55 /* fastlane */,
				F598B2EC239198BA00AB7B55 /* ci */,
				F598B2EE239198BA00AB7B55 /* Podfile */,
				F598B2F0239198BA00AB7B55 /* .gitignore */,
				F598B324239198BA00AB7B55 /* swiftgen.yml */,
				F598B326239198BA00AB7B55 /* .swiftlint.yml */,
				F598B328239198BA00AB7B55 /* Makefile */,
				F598B329239198BA00AB7B55 /* Gemfile */,
				F598B32A239198BA00AB7B55 /* commit-msg */,
				F598B32B239198BA00AB7B55 /* Rambafile */,
				F598B32C239198BA00AB7B55 /* README.md */,
			);
			path = "Non-iOS Resources";
			sourceTree = "<group>";
		};
		F598B2F2239198BA00AB7B55 /* Third Party */ = {
			isa = PBXGroup;
			children = (
				F598B2F3239198BA00AB7B55 /* .gitkeep */,
			);
			path = "Third Party";
			sourceTree = "<group>";
		};
		F598B2F4239198BA00AB7B55 /* Services */ = {
			isa = PBXGroup;
			children = (
				F598B2F5239198BA00AB7B55 /* .gitkeep */,
			);
			path = Services;
			sourceTree = "<group>";
		};
		F598B2F6239198BA00AB7B55 /* Resources */ = {
			isa = PBXGroup;
			children = (
				F55F5CE6239268C700890055 /* Animation */,
				F598B2F7239198BA00AB7B55 /* Strings */,
				F598B2F9239198BA00AB7B55 /* Images */,
				F598B2FB239198BA00AB7B55 /* Constants */,
				F598B2FD239198BA00AB7B55 /* Fonts */,
				F598B321239198BA00AB7B55 /* Colors */,
			);
			path = Resources;
			sourceTree = "<group>";
		};
		F598B2F7239198BA00AB7B55 /* Strings */ = {
			isa = PBXGroup;
			children = (
				F598B2F8239198BA00AB7B55 /* .gitkeep */,
				F598B31A239198BA00AB7B55 /* Localizable.strings */,
				F598B31F239198BA00AB7B55 /* Strings.swift */,
			);
			path = Strings;
			sourceTree = "<group>";
		};
		F598B2F9239198BA00AB7B55 /* Images */ = {
			isa = PBXGroup;
			children = (
				F598B2FA239198BA00AB7B55 /* .gitkeep */,
				F598B314239198BA00AB7B55 /* Assets.xcassets */,
				F598B31B239198BA00AB7B55 /* Assets.swift */,
			);
			path = Images;
			sourceTree = "<group>";
		};
		F598B2FB239198BA00AB7B55 /* Constants */ = {
			isa = PBXGroup;
			children = (
				F598B2FC239198BA00AB7B55 /* .gitkeep */,
			);
			path = Constants;
			sourceTree = "<group>";
		};
		F598B2FD239198BA00AB7B55 /* Fonts */ = {
			isa = PBXGroup;
			children = (
				F598B2FE239198BA00AB7B55 /* .gitkeep */,
				F598B31D239198BA00AB7B55 /* Fonts.swift */,
			);
			path = Fonts;
			sourceTree = "<group>";
		};
		F598B2FF239198BA00AB7B55 /* Models */ = {
			isa = PBXGroup;
			children = (
				F598B300239198BA00AB7B55 /* Entity */,
				F598B302239198BA00AB7B55 /* Entry */,
			);
			path = Models;
			sourceTree = "<group>";
		};
		F598B300239198BA00AB7B55 /* Entity */ = {
			isa = PBXGroup;
			children = (
				F598B301239198BA00AB7B55 /* .gitkeep */,
			);
			path = Entity;
			sourceTree = "<group>";
		};
		F598B302239198BA00AB7B55 /* Entry */ = {
			isa = PBXGroup;
			children = (
				F598B303239198BA00AB7B55 /* .gitkeep */,
			);
			path = Entry;
			sourceTree = "<group>";
		};
		F598B304239198BA00AB7B55 /* Library */ = {
			isa = PBXGroup;
			children = (
				F598B305239198BA00AB7B55 /* Base Classes */,
				F598B307239198BA00AB7B55 /* Utils */,
				F598B309239198BA00AB7B55 /* Extensions */,
				F598B30B239198BA00AB7B55 /* Reusable Layer */,
				F598B30D239198BA00AB7B55 /* Protocols */,
				F598B30F239198BA00AB7B55 /* Routers */,
			);
			path = Library;
			sourceTree = "<group>";
		};
		F598B305239198BA00AB7B55 /* Base Classes */ = {
			isa = PBXGroup;
			children = (
				F598B306239198BA00AB7B55 /* .gitkeep */,
			);
			path = "Base Classes";
			sourceTree = "<group>";
		};
		F598B307239198BA00AB7B55 /* Utils */ = {
			isa = PBXGroup;
			children = (
				F55F5CEC23928F7D00890055 /* LoaderView */,
			);
			path = Utils;
			sourceTree = "<group>";
		};
		F598B309239198BA00AB7B55 /* Extensions */ = {
			isa = PBXGroup;
			children = (
				F55F5CEF2392910000890055 /* UIView.swift */,
			);
			path = Extensions;
			sourceTree = "<group>";
		};
		F598B30B239198BA00AB7B55 /* Reusable Layer */ = {
			isa = PBXGroup;
			children = (
				F55F5CF32392A3C600890055 /* UIView */,
				F55F5CE9239278A600890055 /* Buttons */,
			);
			path = "Reusable Layer";
			sourceTree = "<group>";
		};
		F598B30D239198BA00AB7B55 /* Protocols */ = {
			isa = PBXGroup;
			children = (
				F598B32D239198BA00AB7B55 /* ModuleTrasitionable.swift */,
				F55F5CF1239291E000890055 /* StatePresentable.swift */,
			);
			path = Protocols;
			sourceTree = "<group>";
		};
		F598B30F239198BA00AB7B55 /* Routers */ = {
			isa = PBXGroup;
			children = (
				F598B310239198BA00AB7B55 /* .gitkeep */,
			);
			path = Routers;
			sourceTree = "<group>";
		};
		F598B311239198BA00AB7B55 /* Application */ = {
			isa = PBXGroup;
			children = (
				F598B312239198BA00AB7B55 /* LaunchScreen.xib */,
				F598B316239198BA00AB7B55 /* AppDelegate.swift */,
			);
			path = Application;
			sourceTree = "<group>";
		};
		F598B318239198BA00AB7B55 /* User Stories */ = {
			isa = PBXGroup;
			children = (
				FD1557C775683963BD670E1C /* Camera */,
			);
			path = "User Stories";
			sourceTree = "<group>";
		};
		F598B321239198BA00AB7B55 /* Colors */ = {
			isa = PBXGroup;
			children = (
				F598B322239198BA00AB7B55 /* Colors.swift */,
			);
			path = Colors;
			sourceTree = "<group>";
		};
		F598B337239198BB00AB7B55 /* iSeeTests */ = {
			isa = PBXGroup;
			children = (
				F598B338239198BB00AB7B55 /* iSeeTests.swift */,
				F598B33C239198BB00AB7B55 /* .gitkeep */,
				F598B33D239198BB00AB7B55 /* XCTestCase.swift */,
				F598B33F239198BB00AB7B55 /* Info.plist */,
				F598B33A239198BB00AB7B55 /* Tests */,
			);
			path = iSeeTests;
			sourceTree = "<group>";
		};
		F598B33A239198BB00AB7B55 /* Tests */ = {
			isa = PBXGroup;
			children = (
				F598B33B239198BB00AB7B55 /* .gitkeep */,
				5927BF7E2B40719EB90272BE /* User Stories */,
			);
			path = Tests;
			sourceTree = "<group>";
		};
		FD1557C775683963BD670E1C /* Camera */ = {
			isa = PBXGroup;
			children = (
				801C903F4EB32504EDE46FA1 /* Configurator */,
				4ADC220CF31D10D747A0F804 /* Router */,
				B9CC7E8D354516F424DB082C /* Presenter */,
				9540D8656A98593CCADD8A2D /* View */,
			);
			path = Camera;
			sourceTree = "<group>";
		};
/* End PBXGroup section */

/* Begin PBXNativeTarget section */
		F598B2E5239198BA00AB7B55 /* iSee */ = {
			isa = PBXNativeTarget;
			buildConfigurationList = F598B342239198BB00AB7B55 /* Build configuration list for PBXNativeTarget "iSee" */;
			buildPhases = (
				3F82A2AB08920479B6E2D304 /* [CP] Check Pods Manifest.lock */,
				F598B2E0239198BA00AB7B55 /* Sources */,
				F598B2E1239198BA00AB7B55 /* Frameworks */,
				F598B2E2239198BA00AB7B55 /* Resources */,
				F598B2E3239198BA00AB7B55 /* Swift Lint */,
				F598B2E4239198BA00AB7B55 /* Swift Gen */,
				9AECC3909651195CEE379716 /* [CP] Embed Pods Frameworks */,
			);
			buildRules = (
			);
			dependencies = (
			);
			name = iSee;
			productName = iSee;
			productReference = F598B2E6239198BA00AB7B55 /* iSee.app */;
			productType = "com.apple.product-type.application";
		};
		F598B333239198BB00AB7B55 /* iSeeTests */ = {
			isa = PBXNativeTarget;
			buildConfigurationList = F598B345239198BB00AB7B55 /* Build configuration list for PBXNativeTarget "iSeeTests" */;
			buildPhases = (
				F598B330239198BB00AB7B55 /* Sources */,
				F598B331239198BB00AB7B55 /* Frameworks */,
				F598B332239198BB00AB7B55 /* Resources */,
			);
			buildRules = (
			);
			dependencies = (
				F598B336239198BB00AB7B55 /* PBXTargetDependency */,
			);
			name = iSeeTests;
			productName = iSeeTests;
			productReference = F598B334239198BB00AB7B55 /* iSeeTests.xctest */;
			productType = "com.apple.product-type.bundle.unit-test";
		};
/* End PBXNativeTarget section */

/* Begin PBXProject section */
		F598B2DC239198BA00AB7B55 /* Project object */ = {
			isa = PBXProject;
			attributes = {
				LastSwiftUpdateCheck = 1110;
				LastUpgradeCheck = 1110;
				ORGANIZATIONNAME = Vlad;
				TargetAttributes = {
					F598B2E5239198BA00AB7B55 = {
						CreatedOnToolsVersion = 11.1;
					};
					F598B333239198BB00AB7B55 = {
						CreatedOnToolsVersion = 11.1;
						TestTargetID = F598B2E5239198BA00AB7B55;
					};
				};
			};
			buildConfigurationList = F598B2DF239198BA00AB7B55 /* Build configuration list for PBXProject "iSee" */;
			compatibilityVersion = "Xcode 9.3";
			developmentRegion = en;
			hasScannedForEncodings = 0;
			knownRegions = (
				en,
				Base,
			);
			mainGroup = F598B2DB239198BA00AB7B55;
			productRefGroup = F598B2E7239198BA00AB7B55 /* Products */;
			projectDirPath = "";
			projectRoot = "";
			targets = (
				F598B2E5239198BA00AB7B55 /* iSee */,
				F598B333239198BB00AB7B55 /* iSeeTests */,
			);
		};
/* End PBXProject section */

/* Begin PBXResourcesBuildPhase section */
		F598B2E2239198BA00AB7B55 /* Resources */ = {
			isa = PBXResourcesBuildPhase;
			buildActionMask = 2147483647;
			files = (
				F598B327239198BA00AB7B55 /* .swiftlint.yml in Resources */,
				F598B313239198BA00AB7B55 /* LaunchScreen.xib in Resources */,
				F598B325239198BA00AB7B55 /* swiftgen.yml in Resources */,
				F598B2F1239198BA00AB7B55 /* .gitignore in Resources */,
				F598B2EF239198BA00AB7B55 /* Podfile in Resources */,
				F598B2ED239198BA00AB7B55 /* ci in Resources */,
				F55F5CE8239268DB00890055 /* lensAnimation.json in Resources */,
				F598B315239198BA00AB7B55 /* Assets.xcassets in Resources */,
				F598B2EB239198BA00AB7B55 /* fastlane in Resources */,
				27CD1EE88699E4748B5C09FE /* CameraViewController.storyboard in Resources */,
			);
			runOnlyForDeploymentPostprocessing = 0;
		};
		F598B332239198BB00AB7B55 /* Resources */ = {
			isa = PBXResourcesBuildPhase;
			buildActionMask = 2147483647;
			files = (
			);
			runOnlyForDeploymentPostprocessing = 0;
		};
/* End PBXResourcesBuildPhase section */

/* Begin PBXShellScriptBuildPhase section */
		3F82A2AB08920479B6E2D304 /* [CP] Check Pods Manifest.lock */ = {
			isa = PBXShellScriptBuildPhase;
			buildActionMask = 2147483647;
			files = (
			);
			inputFileListPaths = (
			);
			inputPaths = (
				"${PODS_PODFILE_DIR_PATH}/Podfile.lock",
				"${PODS_ROOT}/Manifest.lock",
			);
			name = "[CP] Check Pods Manifest.lock";
			outputFileListPaths = (
			);
			outputPaths = (
				"$(DERIVED_FILE_DIR)/Pods-iSee-checkManifestLockResult.txt",
			);
			runOnlyForDeploymentPostprocessing = 0;
			shellPath = /bin/sh;
			shellScript = "diff \"${PODS_PODFILE_DIR_PATH}/Podfile.lock\" \"${PODS_ROOT}/Manifest.lock\" > /dev/null\nif [ $? != 0 ] ; then\n    # print error to STDERR\n    echo \"error: The sandbox is not in sync with the Podfile.lock. Run 'pod install' or update your CocoaPods installation.\" >&2\n    exit 1\nfi\n# This output is used by Xcode 'outputs' to avoid re-running this script phase.\necho \"SUCCESS\" > \"${SCRIPT_OUTPUT_FILE_0}\"\n";
			showEnvVarsInLog = 0;
		};
		9AECC3909651195CEE379716 /* [CP] Embed Pods Frameworks */ = {
			isa = PBXShellScriptBuildPhase;
			buildActionMask = 2147483647;
			files = (
			);
			inputFileListPaths = (
				"${PODS_ROOT}/Target Support Files/Pods-iSee/Pods-iSee-frameworks-${CONFIGURATION}-input-files.xcfilelist",
			);
			name = "[CP] Embed Pods Frameworks";
			outputFileListPaths = (
				"${PODS_ROOT}/Target Support Files/Pods-iSee/Pods-iSee-frameworks-${CONFIGURATION}-output-files.xcfilelist",
			);
			runOnlyForDeploymentPostprocessing = 0;
			shellPath = /bin/sh;
			shellScript = "\"${PODS_ROOT}/Target Support Files/Pods-iSee/Pods-iSee-frameworks.sh\"\n";
			showEnvVarsInLog = 0;
		};
		F598B2E3239198BA00AB7B55 /* Swift Lint */ = {
			isa = PBXShellScriptBuildPhase;
			buildActionMask = 2147483647;
			files = (
			);
			inputFileListPaths = (
			);
			inputPaths = (
			);
			name = "Swift Lint";
			outputFileListPaths = (
			);
			outputPaths = (
			);
			runOnlyForDeploymentPostprocessing = 0;
			shellPath = /bin/sh;
			shellScript = "${SRCROOT}/Pods/SwiftLint/swiftlint --config \"${SRCROOT}/.swiftlint.yml\"";
		};
		F598B2E4239198BA00AB7B55 /* Swift Gen */ = {
			isa = PBXShellScriptBuildPhase;
			buildActionMask = 2147483647;
			files = (
			);
			inputFileListPaths = (
			);
			inputPaths = (
			);
			name = "Swift Gen";
			outputFileListPaths = (
			);
			outputPaths = (
			);
			runOnlyForDeploymentPostprocessing = 0;
			shellPath = /bin/sh;
			shellScript = "${SRCROOT}/Pods/SwiftGen/bin/swiftgen";
		};
/* End PBXShellScriptBuildPhase section */

/* Begin PBXSourcesBuildPhase section */
		F598B2E0239198BA00AB7B55 /* Sources */ = {
			isa = PBXSourcesBuildPhase;
			buildActionMask = 2147483647;
			files = (
				F598B31C239198BA00AB7B55 /* Assets.swift in Sources */,
				F598B323239198BA00AB7B55 /* Colors.swift in Sources */,
				F598B31E239198BA00AB7B55 /* Fonts.swift in Sources */,
				F598B32E239198BA00AB7B55 /* ModuleTrasitionable.swift in Sources */,
				F598B320239198BA00AB7B55 /* Strings.swift in Sources */,
				F55F5CEB239278CC00890055 /* ShotButton.swift in Sources */,
				F598B317239198BA00AB7B55 /* AppDelegate.swift in Sources */,
				F55F5CF2239291E000890055 /* StatePresentable.swift in Sources */,
				0BAF214F3B7A7079F5DFF9C8 /* CameraModuleConfigurator.swift in Sources */,
				026DD9719B25B6B0DC6AC873 /* CameraRouter.swift in Sources */,
				9BBD2ED45A71761E809D505B /* CameraRouterInput.swift in Sources */,
				14EAAEFF4DEEF2F94B18B11F /* CameraPresenter.swift in Sources */,
				37B1DF5505D422C8EE6545C0 /* CameraModuleInput.swift in Sources */,
				3261E9D49AFAF425D223727C /* CameraModuleOutput.swift in Sources */,
				3A5844C8E11D7FB9FE8DCDF4 /* CameraViewController.swift in Sources */,
				F55F5CEE23928F8E00890055 /* LoaderView.swift in Sources */,
				58569EB1E42AED7422200145 /* CameraViewInput.swift in Sources */,
				F55F5CF52392A3E600890055 /* PreviewImageView.swift in Sources */,
				F55F5CF02392910000890055 /* UIView.swift in Sources */,
				ED3FBAECFC7BB40470B50215 /* CameraViewOutput.swift in Sources */,
			);
			runOnlyForDeploymentPostprocessing = 0;
		};
		F598B330239198BB00AB7B55 /* Sources */ = {
			isa = PBXSourcesBuildPhase;
			buildActionMask = 2147483647;
			files = (
				F598B33E239198BB00AB7B55 /* XCTestCase.swift in Sources */,
				F598B339239198BB00AB7B55 /* iSeeTests.swift in Sources */,
				B73A8C1FF2180DBF9F6F2F8B /* CameraModuleConfiguratorTests.swift in Sources */,
				0EC75D1C60FD4BF9F0F5A445 /* CameraRouterTests.swift in Sources */,
				4EC9FC3ADD85D9A26EEB03D4 /* CameraPresenterTests.swift in Sources */,
				A28705C4DF7553B159A938B2 /* CameraViewTests.swift in Sources */,
			);
			runOnlyForDeploymentPostprocessing = 0;
		};
/* End PBXSourcesBuildPhase section */

/* Begin PBXTargetDependency section */
		F598B336239198BB00AB7B55 /* PBXTargetDependency */ = {
			isa = PBXTargetDependency;
			target = F598B2E5239198BA00AB7B55 /* iSee */;
			targetProxy = F598B335239198BB00AB7B55 /* PBXContainerItemProxy */;
		};
/* End PBXTargetDependency section */

/* Begin XCBuildConfiguration section */
		F598B340239198BB00AB7B55 /* Debug */ = {
			isa = XCBuildConfiguration;
			buildSettings = {
				ALWAYS_SEARCH_USER_PATHS = NO;
				CLANG_ANALYZER_NONNULL = YES;
				CLANG_ANALYZER_NUMBER_OBJECT_CONVERSION = YES_AGGRESSIVE;
				CLANG_CXX_LANGUAGE_STANDARD = "gnu++14";
				CLANG_CXX_LIBRARY = "libc++";
				CLANG_ENABLE_MODULES = YES;
				CLANG_ENABLE_OBJC_ARC = YES;
				CLANG_ENABLE_OBJC_WEAK = YES;
				CLANG_WARN_BLOCK_CAPTURE_AUTORELEASING = YES;
				CLANG_WARN_BOOL_CONVERSION = YES;
				CLANG_WARN_COMMA = YES;
				CLANG_WARN_CONSTANT_CONVERSION = YES;
				CLANG_WARN_DEPRECATED_OBJC_IMPLEMENTATIONS = YES;
				CLANG_WARN_DIRECT_OBJC_ISA_USAGE = YES_ERROR;
				CLANG_WARN_DOCUMENTATION_COMMENTS = YES;
				CLANG_WARN_EMPTY_BODY = YES;
				CLANG_WARN_ENUM_CONVERSION = YES;
				CLANG_WARN_INFINITE_RECURSION = YES;
				CLANG_WARN_INT_CONVERSION = YES;
				CLANG_WARN_NON_LITERAL_NULL_CONVERSION = YES;
				CLANG_WARN_OBJC_IMPLICIT_RETAIN_SELF = YES;
				CLANG_WARN_OBJC_LITERAL_CONVERSION = YES;
				CLANG_WARN_OBJC_ROOT_CLASS = YES_ERROR;
				CLANG_WARN_RANGE_LOOP_ANALYSIS = YES;
				CLANG_WARN_STRICT_PROTOTYPES = YES;
				CLANG_WARN_SUSPICIOUS_MOVE = YES;
				CLANG_WARN_UNGUARDED_AVAILABILITY = YES_AGGRESSIVE;
				CLANG_WARN_UNREACHABLE_CODE = YES;
				CLANG_WARN__DUPLICATE_METHOD_MATCH = YES;
				COPY_PHASE_STRIP = NO;
				DEBUG_INFORMATION_FORMAT = dwarf;
				ENABLE_STRICT_OBJC_MSGSEND = YES;
				ENABLE_TESTABILITY = YES;
				GCC_C_LANGUAGE_STANDARD = gnu11;
				GCC_DYNAMIC_NO_PIC = NO;
				GCC_NO_COMMON_BLOCKS = YES;
				GCC_OPTIMIZATION_LEVEL = 0;
				GCC_PREPROCESSOR_DEFINITIONS = (
					"DEBUG=1",
					"$(inherited)",
				);
				GCC_WARN_64_TO_32_BIT_CONVERSION = YES;
				GCC_WARN_ABOUT_RETURN_TYPE = YES_ERROR;
				GCC_WARN_UNDECLARED_SELECTOR = YES;
				GCC_WARN_UNINITIALIZED_AUTOS = YES_AGGRESSIVE;
				GCC_WARN_UNUSED_FUNCTION = YES;
				GCC_WARN_UNUSED_VARIABLE = YES;
				IPHONEOS_DEPLOYMENT_TARGET = 13.1;
				MTL_ENABLE_DEBUG_INFO = INCLUDE_SOURCE;
				MTL_FAST_MATH = YES;
				ONLY_ACTIVE_ARCH = YES;
				SDKROOT = iphoneos;
				SWIFT_ACTIVE_COMPILATION_CONDITIONS = DEBUG;
				SWIFT_OPTIMIZATION_LEVEL = "-Onone";
			};
			name = Debug;
		};
		F598B341239198BB00AB7B55 /* Release */ = {
			isa = XCBuildConfiguration;
			buildSettings = {
				ALWAYS_SEARCH_USER_PATHS = NO;
				CLANG_ANALYZER_NONNULL = YES;
				CLANG_ANALYZER_NUMBER_OBJECT_CONVERSION = YES_AGGRESSIVE;
				CLANG_CXX_LANGUAGE_STANDARD = "gnu++14";
				CLANG_CXX_LIBRARY = "libc++";
				CLANG_ENABLE_MODULES = YES;
				CLANG_ENABLE_OBJC_ARC = YES;
				CLANG_ENABLE_OBJC_WEAK = YES;
				CLANG_WARN_BLOCK_CAPTURE_AUTORELEASING = YES;
				CLANG_WARN_BOOL_CONVERSION = YES;
				CLANG_WARN_COMMA = YES;
				CLANG_WARN_CONSTANT_CONVERSION = YES;
				CLANG_WARN_DEPRECATED_OBJC_IMPLEMENTATIONS = YES;
				CLANG_WARN_DIRECT_OBJC_ISA_USAGE = YES_ERROR;
				CLANG_WARN_DOCUMENTATION_COMMENTS = YES;
				CLANG_WARN_EMPTY_BODY = YES;
				CLANG_WARN_ENUM_CONVERSION = YES;
				CLANG_WARN_INFINITE_RECURSION = YES;
				CLANG_WARN_INT_CONVERSION = YES;
				CLANG_WARN_NON_LITERAL_NULL_CONVERSION = YES;
				CLANG_WARN_OBJC_IMPLICIT_RETAIN_SELF = YES;
				CLANG_WARN_OBJC_LITERAL_CONVERSION = YES;
				CLANG_WARN_OBJC_ROOT_CLASS = YES_ERROR;
				CLANG_WARN_RANGE_LOOP_ANALYSIS = YES;
				CLANG_WARN_STRICT_PROTOTYPES = YES;
				CLANG_WARN_SUSPICIOUS_MOVE = YES;
				CLANG_WARN_UNGUARDED_AVAILABILITY = YES_AGGRESSIVE;
				CLANG_WARN_UNREACHABLE_CODE = YES;
				CLANG_WARN__DUPLICATE_METHOD_MATCH = YES;
				COPY_PHASE_STRIP = NO;
				DEBUG_INFORMATION_FORMAT = "dwarf-with-dsym";
				ENABLE_NS_ASSERTIONS = NO;
				ENABLE_STRICT_OBJC_MSGSEND = YES;
				GCC_C_LANGUAGE_STANDARD = gnu11;
				GCC_NO_COMMON_BLOCKS = YES;
				GCC_WARN_64_TO_32_BIT_CONVERSION = YES;
				GCC_WARN_ABOUT_RETURN_TYPE = YES_ERROR;
				GCC_WARN_UNDECLARED_SELECTOR = YES;
				GCC_WARN_UNINITIALIZED_AUTOS = YES_AGGRESSIVE;
				GCC_WARN_UNUSED_FUNCTION = YES;
				GCC_WARN_UNUSED_VARIABLE = YES;
				IPHONEOS_DEPLOYMENT_TARGET = 13.1;
				MTL_ENABLE_DEBUG_INFO = NO;
				MTL_FAST_MATH = YES;
				SDKROOT = iphoneos;
				SWIFT_COMPILATION_MODE = wholemodule;
				SWIFT_OPTIMIZATION_LEVEL = "-O";
				VALIDATE_PRODUCT = YES;
			};
			name = Release;
		};
		F598B343239198BB00AB7B55 /* Debug */ = {
			isa = XCBuildConfiguration;
			baseConfigurationReference = BDA159A1F6EF7F2163B114B0 /* Pods-iSee.debug.xcconfig */;
			buildSettings = {
				ASSETCATALOG_COMPILER_APPICON_NAME = AppIcon;
				CODE_SIGN_STYLE = Automatic;
				DEVELOPMENT_TEAM = JE6A9LTMD3;
				INFOPLIST_FILE = iSee/Info.plist;
				IPHONEOS_DEPLOYMENT_TARGET = 13.0;
				LD_RUNPATH_SEARCH_PATHS = (
					"$(inherited)",
					"@executable_path/Frameworks",
				);
				PRODUCT_BUNDLE_IDENTIFIER = DataGym.iSee;
				PRODUCT_NAME = "$(TARGET_NAME)";
				SWIFT_VERSION = 5.0;
				TARGETED_DEVICE_FAMILY = 1;
			};
			name = Debug;
		};
		F598B344239198BB00AB7B55 /* Release */ = {
			isa = XCBuildConfiguration;
			baseConfigurationReference = D566E4ADD8265C1AD4D2D1AD /* Pods-iSee.release.xcconfig */;
			buildSettings = {
				ASSETCATALOG_COMPILER_APPICON_NAME = AppIcon;
				CODE_SIGN_STYLE = Automatic;
				DEVELOPMENT_TEAM = JE6A9LTMD3;
				INFOPLIST_FILE = iSee/Info.plist;
				IPHONEOS_DEPLOYMENT_TARGET = 13.0;
				LD_RUNPATH_SEARCH_PATHS = (
					"$(inherited)",
					"@executable_path/Frameworks",
				);
				PRODUCT_BUNDLE_IDENTIFIER = DataGym.iSee;
				PRODUCT_NAME = "$(TARGET_NAME)";
				SWIFT_VERSION = 5.0;
				TARGETED_DEVICE_FAMILY = 1;
			};
			name = Release;
		};
		F598B346239198BB00AB7B55 /* Debug */ = {
			isa = XCBuildConfiguration;
			buildSettings = {
				ALWAYS_EMBED_SWIFT_STANDARD_LIBRARIES = YES;
				BUNDLE_LOADER = "$(TEST_HOST)";
				CODE_SIGN_STYLE = Automatic;
				DEVELOPMENT_TEAM = JE6A9LTMD3;
				INFOPLIST_FILE = iSeeTests/Info.plist;
				LD_RUNPATH_SEARCH_PATHS = (
					"$(inherited)",
					"@executable_path/Frameworks",
					"@loader_path/Frameworks",
				);
				PRODUCT_BUNDLE_IDENTIFIER = DataGym.iSeeTests;
				PRODUCT_NAME = "$(TARGET_NAME)";
				SWIFT_VERSION = 5.0;
				TARGETED_DEVICE_FAMILY = "1,2";
				TEST_HOST = "$(BUILT_PRODUCTS_DIR)/iSee.app/iSee";
			};
			name = Debug;
		};
		F598B347239198BB00AB7B55 /* Release */ = {
			isa = XCBuildConfiguration;
			buildSettings = {
				ALWAYS_EMBED_SWIFT_STANDARD_LIBRARIES = YES;
				BUNDLE_LOADER = "$(TEST_HOST)";
				CODE_SIGN_STYLE = Automatic;
				DEVELOPMENT_TEAM = JE6A9LTMD3;
				INFOPLIST_FILE = iSeeTests/Info.plist;
				LD_RUNPATH_SEARCH_PATHS = (
					"$(inherited)",
					"@executable_path/Frameworks",
					"@loader_path/Frameworks",
				);
				PRODUCT_BUNDLE_IDENTIFIER = DataGym.iSeeTests;
				PRODUCT_NAME = "$(TARGET_NAME)";
				SWIFT_VERSION = 5.0;
				TARGETED_DEVICE_FAMILY = "1,2";
				TEST_HOST = "$(BUILT_PRODUCTS_DIR)/iSee.app/iSee";
			};
			name = Release;
		};
/* End XCBuildConfiguration section */

/* Begin XCConfigurationList section */
		F598B2DF239198BA00AB7B55 /* Build configuration list for PBXProject "iSee" */ = {
			isa = XCConfigurationList;
			buildConfigurations = (
				F598B340239198BB00AB7B55 /* Debug */,
				F598B341239198BB00AB7B55 /* Release */,
			);
			defaultConfigurationIsVisible = 0;
			defaultConfigurationName = Release;
		};
		F598B342239198BB00AB7B55 /* Build configuration list for PBXNativeTarget "iSee" */ = {
			isa = XCConfigurationList;
			buildConfigurations = (
				F598B343239198BB00AB7B55 /* Debug */,
				F598B344239198BB00AB7B55 /* Release */,
			);
			defaultConfigurationIsVisible = 0;
			defaultConfigurationName = Release;
		};
		F598B345239198BB00AB7B55 /* Build configuration list for PBXNativeTarget "iSeeTests" */ = {
			isa = XCConfigurationList;
			buildConfigurations = (
				F598B346239198BB00AB7B55 /* Debug */,
				F598B347239198BB00AB7B55 /* Release */,
			);
			defaultConfigurationIsVisible = 0;
			defaultConfigurationName = Release;
		};
/* End XCConfigurationList section */
	};
	rootObject = F598B2DC239198BA00AB7B55 /* Project object */;
}
