// !$*UTF8*$!
{
	archiveVersion = 1;
	classes = {
	};
	objectVersion = 51;
	objects = {

/* Begin PBXBuildFile section */
		00FA99E7929F35986480B2D1 /* MyWardrobeRouterInput.swift in Sources */ = {isa = PBXBuildFile; fileRef = 98DAEB00DD290B83EB03148C /* MyWardrobeRouterInput.swift */; };
		026DD9719B25B6B0DC6AC873 /* CameraRouter.swift in Sources */ = {isa = PBXBuildFile; fileRef = DB5B74D4B02E2E2EFC129E1B /* CameraRouter.swift */; };
		063FC05CD891C082B9D9EF81 /* MyWardrobeModuleOutput.swift in Sources */ = {isa = PBXBuildFile; fileRef = 0ACBA3DD966D035B0C7D3830 /* MyWardrobeModuleOutput.swift */; };
		0BAF214F3B7A7079F5DFF9C8 /* CameraModuleConfigurator.swift in Sources */ = {isa = PBXBuildFile; fileRef = E8557D2B6D5AC782A9A30D5A /* CameraModuleConfigurator.swift */; };
		0EC75D1C60FD4BF9F0F5A445 /* CameraRouterTests.swift in Sources */ = {isa = PBXBuildFile; fileRef = 41DCC0FDA931FBC3DFF2E1A3 /* CameraRouterTests.swift */; };
		11C2935DD974BBDF41D2C069 /* MyWardrobeModuleInput.swift in Sources */ = {isa = PBXBuildFile; fileRef = 8EE8493AD874546DA8C5C253 /* MyWardrobeModuleInput.swift */; };
		1333D7BA8D6CA9C74D0E3649 /* PredictedRouterInput.swift in Sources */ = {isa = PBXBuildFile; fileRef = 88AC03ABD59E4CFDC3B4C980 /* PredictedRouterInput.swift */; };
		14EAAEFF4DEEF2F94B18B11F /* CameraPresenter.swift in Sources */ = {isa = PBXBuildFile; fileRef = E4B018000517C03BF411B4C0 /* CameraPresenter.swift */; };
		1E0C27D7790082494634107D /* PredictedPresenterTests.swift in Sources */ = {isa = PBXBuildFile; fileRef = CB9D068BE00907F402C30DF4 /* PredictedPresenterTests.swift */; };
		1EB4C49286D1DA4335316335 /* PredictedPresenter.swift in Sources */ = {isa = PBXBuildFile; fileRef = DCDB1A3B69009D7CB8994E2F /* PredictedPresenter.swift */; };
		22833E450B8F27F10D5E85F1 /* CollectionRouterInput.swift in Sources */ = {isa = PBXBuildFile; fileRef = 9C589D24F4992D871DCC7DC2 /* CollectionRouterInput.swift */; };
		27CD1EE88699E4748B5C09FE /* CameraViewController.storyboard in Resources */ = {isa = PBXBuildFile; fileRef = 03E92F314072FF3382FDBB75 /* CameraViewController.storyboard */; };
		2805DBE5439098F7D16D476D /* CollectionModuleConfigurator.swift in Sources */ = {isa = PBXBuildFile; fileRef = 470EED1DCD11B82F91BF47BA /* CollectionModuleConfigurator.swift */; };
		3261E9D49AFAF425D223727C /* CameraModuleOutput.swift in Sources */ = {isa = PBXBuildFile; fileRef = C5E9E033166A475AE035F09A /* CameraModuleOutput.swift */; };
		37B1DF5505D422C8EE6545C0 /* CameraModuleInput.swift in Sources */ = {isa = PBXBuildFile; fileRef = C13D865D9019422E36F936BF /* CameraModuleInput.swift */; };
		3A5844C8E11D7FB9FE8DCDF4 /* CameraViewController.swift in Sources */ = {isa = PBXBuildFile; fileRef = 7331705952103BACED904E2D /* CameraViewController.swift */; };
		3BA73E89CFA57CB2237C1973 /* PredictedViewInput.swift in Sources */ = {isa = PBXBuildFile; fileRef = CCFD20C8C8D42E4AF8308FB0 /* PredictedViewInput.swift */; };
		3BDF52A2E65A0D8B2236EB01 /* CollectionViewTests.swift in Sources */ = {isa = PBXBuildFile; fileRef = C010F9EF46D482D94E6385A3 /* CollectionViewTests.swift */; };
		403D6D11FCFAA5619759E569 /* MyFavoritesPresenterTests.swift in Sources */ = {isa = PBXBuildFile; fileRef = 5EA5BE656C6DA3A1F9C4EC7C /* MyFavoritesPresenterTests.swift */; };
		40A8E1C64EFA0AB4B093655E /* MyFavoritesModuleOutput.swift in Sources */ = {isa = PBXBuildFile; fileRef = 4E0100B2CC8EE70488C3F5C2 /* MyFavoritesModuleOutput.swift */; };
		44A895EE07139020A8CD467D /* MyFavoritesViewOutput.swift in Sources */ = {isa = PBXBuildFile; fileRef = E832A3C4D9A4C7F5BAEA094B /* MyFavoritesViewOutput.swift */; };
		4A3BD0C1B1855D4E2C32B886 /* MyFavoritesViewController.swift in Sources */ = {isa = PBXBuildFile; fileRef = 1F625449AEEE6C69880F8AD5 /* MyFavoritesViewController.swift */; };
		4BB8A8A2AFC4FC047A085F63 /* MyWardrobeViewController.storyboard in Resources */ = {isa = PBXBuildFile; fileRef = 9949A4C18A7D981E89AE4929 /* MyWardrobeViewController.storyboard */; };
		4EC9FC3ADD85D9A26EEB03D4 /* CameraPresenterTests.swift in Sources */ = {isa = PBXBuildFile; fileRef = 182FA75E891F9C79AB75E043 /* CameraPresenterTests.swift */; };
		4F4DED865BD1330378BD9B38 /* MyWardrobeModuleConfigurator.swift in Sources */ = {isa = PBXBuildFile; fileRef = CF791246AD3C09ED77B5034E /* MyWardrobeModuleConfigurator.swift */; };
		555C1267EB7594B068DE96FA /* PredictedViewController.storyboard in Resources */ = {isa = PBXBuildFile; fileRef = D4FCFA8664BD2EF58E5ED38B /* PredictedViewController.storyboard */; };
		58569EB1E42AED7422200145 /* CameraViewInput.swift in Sources */ = {isa = PBXBuildFile; fileRef = 7BD2DF346E443FD93D4D2800 /* CameraViewInput.swift */; };
		5C1E802A650150F723A8B656 /* CollectionPresenter.swift in Sources */ = {isa = PBXBuildFile; fileRef = 59C8B73529300897C6F3681E /* CollectionPresenter.swift */; };
		5E3B14830F681C25160A8A8E /* CollectionModuleConfiguratorTests.swift in Sources */ = {isa = PBXBuildFile; fileRef = 22BAEBDD9FA7F7921204291D /* CollectionModuleConfiguratorTests.swift */; };
		60FB4D4661906758F831B51F /* CollectionModuleOutput.swift in Sources */ = {isa = PBXBuildFile; fileRef = 27A78FAAEB12CFB1975BA59D /* CollectionModuleOutput.swift */; };
		6306801551BD2F088D11D38E /* MyWardrobeViewOutput.swift in Sources */ = {isa = PBXBuildFile; fileRef = 7E6041148C970005C389B81B /* MyWardrobeViewOutput.swift */; };
		64842AF3E3B0F5CA5E31557C /* MyFavoritesViewTests.swift in Sources */ = {isa = PBXBuildFile; fileRef = DADAD1AF1192342DFFDC4697 /* MyFavoritesViewTests.swift */; };
		6923A47E37CB717FDA529D92 /* CollectionViewInput.swift in Sources */ = {isa = PBXBuildFile; fileRef = E1E3F33AB5CA85E443D5EAB2 /* CollectionViewInput.swift */; };
		6A6F2B15E54215F9B6A1F410 /* MyFavoritesPresenter.swift in Sources */ = {isa = PBXBuildFile; fileRef = 41C735E86656FFF466601E0E /* MyFavoritesPresenter.swift */; };
		7345C954CCB65DE847919657 /* PredictedModuleConfiguratorTests.swift in Sources */ = {isa = PBXBuildFile; fileRef = 65A52AF4811205C1C3408670 /* PredictedModuleConfiguratorTests.swift */; };
		747A21D9A44F1630F6EADCFC /* CollectionModuleInput.swift in Sources */ = {isa = PBXBuildFile; fileRef = D1FE99423050C86F0DA9AFCC /* CollectionModuleInput.swift */; };
		8B934DD17CFDB163C3261B25 /* CollectionRouter.swift in Sources */ = {isa = PBXBuildFile; fileRef = CA6274E4DA2B54031D51B4AA /* CollectionRouter.swift */; };
		8CF34EB833F9BEFB94E76E0F /* PredictedViewTests.swift in Sources */ = {isa = PBXBuildFile; fileRef = 4853C9ABCB3038CC934E725B /* PredictedViewTests.swift */; };
		8E355709B3107983EF7A0B5E /* MyFavoritesViewInput.swift in Sources */ = {isa = PBXBuildFile; fileRef = D32FAC75C4F47A79443EA5F3 /* MyFavoritesViewInput.swift */; };
		93E6BF4249BC0BDC7A1F716D /* MyWardrobePresenterTests.swift in Sources */ = {isa = PBXBuildFile; fileRef = 65F46F7D1F2456AEB2E9273E /* MyWardrobePresenterTests.swift */; };
		9BBD2ED45A71761E809D505B /* CameraRouterInput.swift in Sources */ = {isa = PBXBuildFile; fileRef = C1442DF2F17564916FEABB4D /* CameraRouterInput.swift */; };
		9C0AE62F211606D832FF2701 /* MyFavoritesModuleInput.swift in Sources */ = {isa = PBXBuildFile; fileRef = E91B7B3571DB51B2F4CA2B31 /* MyFavoritesModuleInput.swift */; };
		9E569EDDEA7A1071E44682F8 /* MyWardrobeRouterTests.swift in Sources */ = {isa = PBXBuildFile; fileRef = EF969B93CE2201160C047A8D /* MyWardrobeRouterTests.swift */; };
		9E7A1DD95353E5BA6ECD4AD7 /* PredictedModuleInput.swift in Sources */ = {isa = PBXBuildFile; fileRef = 23F06219C04B35BF1E2F04A5 /* PredictedModuleInput.swift */; };
		A22C02BC4FA23E12ABFCE9D9 /* MyFavoritesModuleConfigurator.swift in Sources */ = {isa = PBXBuildFile; fileRef = 77A1CB52A61A66A9A080A071 /* MyFavoritesModuleConfigurator.swift */; };
		A279DD1777B96A1ACAE6005F /* CollectionPresenterTests.swift in Sources */ = {isa = PBXBuildFile; fileRef = 3C38A99BFA5447674EE17872 /* CollectionPresenterTests.swift */; };
		A28705C4DF7553B159A938B2 /* CameraViewTests.swift in Sources */ = {isa = PBXBuildFile; fileRef = 52C2D76D504280A42486972E /* CameraViewTests.swift */; };
		A2DE87FC5E98D13BE9BE381B /* MyFavoritesModuleConfiguratorTests.swift in Sources */ = {isa = PBXBuildFile; fileRef = 3178BEDF45A61A0D124BBFF2 /* MyFavoritesModuleConfiguratorTests.swift */; };
		A6524CF75243B0A729514A39 /* PredictedModuleOutput.swift in Sources */ = {isa = PBXBuildFile; fileRef = 02F2E8D40117A4CA3BB22C3A /* PredictedModuleOutput.swift */; };
		A69B1C7516222A9EBD416520 /* PredictedRouter.swift in Sources */ = {isa = PBXBuildFile; fileRef = 2E4125D1027BB0881E085EA9 /* PredictedRouter.swift */; };
		B73A8C1FF2180DBF9F6F2F8B /* CameraModuleConfiguratorTests.swift in Sources */ = {isa = PBXBuildFile; fileRef = 08A60194102966E41A325637 /* CameraModuleConfiguratorTests.swift */; };
		B8CBAE1B94EAD8F255406891 /* MyFavoritesRouterTests.swift in Sources */ = {isa = PBXBuildFile; fileRef = 07B09508CAC8E1E009CB7AC4 /* MyFavoritesRouterTests.swift */; };
		C7E4EB9DCC77F204922DFE39 /* MyWardrobeRouter.swift in Sources */ = {isa = PBXBuildFile; fileRef = 2CA184B6242598481671D64C /* MyWardrobeRouter.swift */; };
		CB374865115B914506509DA7 /* PredictedViewOutput.swift in Sources */ = {isa = PBXBuildFile; fileRef = AEE2B47716E3702191788F5E /* PredictedViewOutput.swift */; };
		CB3E491AD7AF11AD8984F0D1 /* CollectionRouterTests.swift in Sources */ = {isa = PBXBuildFile; fileRef = 86CBA7A95F19161D0119539F /* CollectionRouterTests.swift */; };
		CE41F0BBDFC6D712E6FE5257 /* PredictedRouterTests.swift in Sources */ = {isa = PBXBuildFile; fileRef = BE55251BEB0A48D5D67AB503 /* PredictedRouterTests.swift */; };
		CF57092F610983F949DC142B /* Pods_iSee.framework in Frameworks */ = {isa = PBXBuildFile; fileRef = 08DA63D54E782A5A9597A0D7 /* Pods_iSee.framework */; };
		D2EFE09850B100A667629C47 /* MyFavoritesRouter.swift in Sources */ = {isa = PBXBuildFile; fileRef = 2E8548078B65C60244EDCDF4 /* MyFavoritesRouter.swift */; };
		D53BEA2A18B1035CCC42470C /* MyFavoritesRouterInput.swift in Sources */ = {isa = PBXBuildFile; fileRef = AE39CF183D470D489A380D07 /* MyFavoritesRouterInput.swift */; };
		DA25C93E32D2ED2165B88A74 /* MyWardrobeViewInput.swift in Sources */ = {isa = PBXBuildFile; fileRef = 5299A2819379C8457C76550F /* MyWardrobeViewInput.swift */; };
		DA4B2B636D8F704DD77DAC15 /* MyWardrobeViewTests.swift in Sources */ = {isa = PBXBuildFile; fileRef = 3E057B322EAEB5F9BD7B9EE8 /* MyWardrobeViewTests.swift */; };
		DCB73F470DA6F15C433E824E /* MyWardrobePresenter.swift in Sources */ = {isa = PBXBuildFile; fileRef = B392B96F087CA0016B1631D4 /* MyWardrobePresenter.swift */; };
		DE4317636762FFC01E0BC884 /* PredictedModuleConfigurator.swift in Sources */ = {isa = PBXBuildFile; fileRef = B0F22D6604C93AA8719800A9 /* PredictedModuleConfigurator.swift */; };
		DF0C556878A3848C046AB29F /* PredictedViewController.swift in Sources */ = {isa = PBXBuildFile; fileRef = 75333A0AB9298C8287872336 /* PredictedViewController.swift */; };
		E448F5FF4B83645BFA214886 /* CollectionViewController.storyboard in Resources */ = {isa = PBXBuildFile; fileRef = 8C2C96ABD90106F283CEA030 /* CollectionViewController.storyboard */; };
		E9B9C7E2C76DEA158B616381 /* MyWardrobeModuleConfiguratorTests.swift in Sources */ = {isa = PBXBuildFile; fileRef = 1011793780F4F48EF9014AD1 /* MyWardrobeModuleConfiguratorTests.swift */; };
		EB5FFD2265EEC517F79C6114 /* MyWardrobeViewController.swift in Sources */ = {isa = PBXBuildFile; fileRef = 7DB91FF7E109776A456C0B88 /* MyWardrobeViewController.swift */; };
		ED3FBAECFC7BB40470B50215 /* CameraViewOutput.swift in Sources */ = {isa = PBXBuildFile; fileRef = 803B3541548D5978E635588E /* CameraViewOutput.swift */; };
		EFCF0A6AE973886DE1A65FEC /* CollectionViewOutput.swift in Sources */ = {isa = PBXBuildFile; fileRef = 1616CD5F8459C4234B358F87 /* CollectionViewOutput.swift */; };
		F112320CB5A25ACCED3EF425 /* MyFavoritesViewController.storyboard in Resources */ = {isa = PBXBuildFile; fileRef = 420EC8AD2E7CB7AC1BB41727 /* MyFavoritesViewController.storyboard */; };
		F55F5CE8239268DB00890055 /* lensAnimation.json in Resources */ = {isa = PBXBuildFile; fileRef = F55F5CE7239268DB00890055 /* lensAnimation.json */; };
		F55F5CEB239278CC00890055 /* ShotButton.swift in Sources */ = {isa = PBXBuildFile; fileRef = F55F5CEA239278CC00890055 /* ShotButton.swift */; };
		F55F5CEE23928F8E00890055 /* LoaderView.swift in Sources */ = {isa = PBXBuildFile; fileRef = F55F5CED23928F8E00890055 /* LoaderView.swift */; };
		F55F5CF02392910000890055 /* UIView.swift in Sources */ = {isa = PBXBuildFile; fileRef = F55F5CEF2392910000890055 /* UIView.swift */; };
		F55F5CF2239291E000890055 /* StatePresentable.swift in Sources */ = {isa = PBXBuildFile; fileRef = F55F5CF1239291E000890055 /* StatePresentable.swift */; };
		F55F5CF52392A3E600890055 /* PreviewImageView.swift in Sources */ = {isa = PBXBuildFile; fileRef = F55F5CF42392A3E600890055 /* PreviewImageView.swift */; };
		F591B19823943B4F00A9283F /* WardrobeCell.swift in Sources */ = {isa = PBXBuildFile; fileRef = F591B19723943B4E00A9283F /* WardrobeCell.swift */; };
		F591B19A23943CB000A9283F /* WardrobeAdapter.swift in Sources */ = {isa = PBXBuildFile; fileRef = F591B19923943CB000A9283F /* WardrobeAdapter.swift */; };
		F598B2EB239198BA00AB7B55 /* fastlane in Resources */ = {isa = PBXBuildFile; fileRef = F598B2EA239198BA00AB7B55 /* fastlane */; };
		F598B2ED239198BA00AB7B55 /* ci in Resources */ = {isa = PBXBuildFile; fileRef = F598B2EC239198BA00AB7B55 /* ci */; };
		F598B2EF239198BA00AB7B55 /* Podfile in Resources */ = {isa = PBXBuildFile; fileRef = F598B2EE239198BA00AB7B55 /* Podfile */; };
		F598B2F1239198BA00AB7B55 /* .gitignore in Resources */ = {isa = PBXBuildFile; fileRef = F598B2F0239198BA00AB7B55 /* .gitignore */; };
		F598B313239198BA00AB7B55 /* LaunchScreen.xib in Resources */ = {isa = PBXBuildFile; fileRef = F598B312239198BA00AB7B55 /* LaunchScreen.xib */; };
		F598B315239198BA00AB7B55 /* Assets.xcassets in Resources */ = {isa = PBXBuildFile; fileRef = F598B314239198BA00AB7B55 /* Assets.xcassets */; };
		F598B317239198BA00AB7B55 /* AppDelegate.swift in Sources */ = {isa = PBXBuildFile; fileRef = F598B316239198BA00AB7B55 /* AppDelegate.swift */; };
		F598B31C239198BA00AB7B55 /* Assets.swift in Sources */ = {isa = PBXBuildFile; fileRef = F598B31B239198BA00AB7B55 /* Assets.swift */; };
		F598B31E239198BA00AB7B55 /* Fonts.swift in Sources */ = {isa = PBXBuildFile; fileRef = F598B31D239198BA00AB7B55 /* Fonts.swift */; };
		F598B320239198BA00AB7B55 /* Strings.swift in Sources */ = {isa = PBXBuildFile; fileRef = F598B31F239198BA00AB7B55 /* Strings.swift */; };
		F598B323239198BA00AB7B55 /* Colors.swift in Sources */ = {isa = PBXBuildFile; fileRef = F598B322239198BA00AB7B55 /* Colors.swift */; };
		F598B325239198BA00AB7B55 /* swiftgen.yml in Resources */ = {isa = PBXBuildFile; fileRef = F598B324239198BA00AB7B55 /* swiftgen.yml */; };
		F598B327239198BA00AB7B55 /* .swiftlint.yml in Resources */ = {isa = PBXBuildFile; fileRef = F598B326239198BA00AB7B55 /* .swiftlint.yml */; };
		F598B32E239198BA00AB7B55 /* ModuleTrasitionable.swift in Sources */ = {isa = PBXBuildFile; fileRef = F598B32D239198BA00AB7B55 /* ModuleTrasitionable.swift */; };
		F598B339239198BB00AB7B55 /* iSeeTests.swift in Sources */ = {isa = PBXBuildFile; fileRef = F598B338239198BB00AB7B55 /* iSeeTests.swift */; };
		F598B33E239198BB00AB7B55 /* XCTestCase.swift in Sources */ = {isa = PBXBuildFile; fileRef = F598B33D239198BB00AB7B55 /* XCTestCase.swift */; };
		F5D27C5F2392B10E00D2E5F3 /* reverseLensAnimation.json in Resources */ = {isa = PBXBuildFile; fileRef = F5D27C5E2392B10E00D2E5F3 /* reverseLensAnimation.json */; };
		F5D27C622392B7E800D2E5F3 /* MainRoute.swift in Sources */ = {isa = PBXBuildFile; fileRef = F5D27C612392B7E800D2E5F3 /* MainRoute.swift */; };
		F5D27C642392B89C00D2E5F3 /* SeeService.swift in Sources */ = {isa = PBXBuildFile; fileRef = F5D27C632392B89C00D2E5F3 /* SeeService.swift */; };
		F5D27C662392BD3500D2E5F3 /* UIImage.swift in Sources */ = {isa = PBXBuildFile; fileRef = F5D27C652392BD3500D2E5F3 /* UIImage.swift */; };
		F5D27C682392CA6F00D2E5F3 /* PredictedBoxEntry.swift in Sources */ = {isa = PBXBuildFile; fileRef = F5D27C672392CA6F00D2E5F3 /* PredictedBoxEntry.swift */; };
		F5D27C6A2392CB0F00D2E5F3 /* PredictedBoxEntity.swift in Sources */ = {isa = PBXBuildFile; fileRef = F5D27C692392CB0F00D2E5F3 /* PredictedBoxEntity.swift */; };
		F5D27C6C2392F0EF00D2E5F3 /* PointView.swift in Sources */ = {isa = PBXBuildFile; fileRef = F5D27C6B2392F0EF00D2E5F3 /* PointView.swift */; };
		F5D27C6E2393224A00D2E5F3 /* CollectionButton.swift in Sources */ = {isa = PBXBuildFile; fileRef = F5D27C6D2393224A00D2E5F3 /* CollectionButton.swift */; };
		F5D27C7323939B9700D2E5F3 /* CollectionItemCell.swift in Sources */ = {isa = PBXBuildFile; fileRef = F5D27C7123939B9700D2E5F3 /* CollectionItemCell.swift */; };
		F5D27C7623939EFA00D2E5F3 /* UITableView.swift in Sources */ = {isa = PBXBuildFile; fileRef = F5D27C7523939EFA00D2E5F3 /* UITableView.swift */; };
		F5D27C7823939F6C00D2E5F3 /* CollectionAdapter.swift in Sources */ = {isa = PBXBuildFile; fileRef = F5D27C7723939F6C00D2E5F3 /* CollectionAdapter.swift */; };
		F5D27C7A2393AAA200D2E5F3 /* String.swift in Sources */ = {isa = PBXBuildFile; fileRef = F5D27C792393AAA200D2E5F3 /* String.swift */; };
		F5D27C7C2393C3DC00D2E5F3 /* СlotheItemEntry.swift in Sources */ = {isa = PBXBuildFile; fileRef = F5D27C7B2393C3DC00D2E5F3 /* СlotheItemEntry.swift */; };
		F5D27C7E2393C49800D2E5F3 /* ClotheItemEntity.swift in Sources */ = {isa = PBXBuildFile; fileRef = F5D27C7D2393C49800D2E5F3 /* ClotheItemEntity.swift */; };
		F5D27C812393E6D500D2E5F3 /* DataStorage.swift in Sources */ = {isa = PBXBuildFile; fileRef = F5D27C802393E6D500D2E5F3 /* DataStorage.swift */; };
		F5D27C832393E89400D2E5F3 /* EncodableDecodable.swift in Sources */ = {isa = PBXBuildFile; fileRef = F5D27C822393E89400D2E5F3 /* EncodableDecodable.swift */; };
		F5D27C852394317400D2E5F3 /* WardrobeEntity.swift in Sources */ = {isa = PBXBuildFile; fileRef = F5D27C842394317400D2E5F3 /* WardrobeEntity.swift */; };
		FDCF912F28180E7B8BC93262 /* CollectionViewController.swift in Sources */ = {isa = PBXBuildFile; fileRef = D5F54B6A9C37C1FA58E6623A /* CollectionViewController.swift */; };
/* End PBXBuildFile section */

/* Begin PBXContainerItemProxy section */
		F598B335239198BB00AB7B55 /* PBXContainerItemProxy */ = {
			isa = PBXContainerItemProxy;
			containerPortal = F598B2DC239198BA00AB7B55 /* Project object */;
			proxyType = 1;
			remoteGlobalIDString = F598B2E5239198BA00AB7B55;
			remoteInfo = iSee;
		};
/* End PBXContainerItemProxy section */

/* Begin PBXFileReference section */
		02F2E8D40117A4CA3BB22C3A /* PredictedModuleOutput.swift */ = {isa = PBXFileReference; includeInIndex = 1; lastKnownFileType = sourcecode.swift; path = PredictedModuleOutput.swift; sourceTree = "<group>"; };
		03E92F314072FF3382FDBB75 /* CameraViewController.storyboard */ = {isa = PBXFileReference; includeInIndex = 1; lastKnownFileType = file.storyboard; path = CameraViewController.storyboard; sourceTree = "<group>"; };
		07B09508CAC8E1E009CB7AC4 /* MyFavoritesRouterTests.swift */ = {isa = PBXFileReference; includeInIndex = 1; lastKnownFileType = sourcecode.swift; path = MyFavoritesRouterTests.swift; sourceTree = "<group>"; };
		08A60194102966E41A325637 /* CameraModuleConfiguratorTests.swift */ = {isa = PBXFileReference; includeInIndex = 1; lastKnownFileType = sourcecode.swift; path = CameraModuleConfiguratorTests.swift; sourceTree = "<group>"; };
		08DA63D54E782A5A9597A0D7 /* Pods_iSee.framework */ = {isa = PBXFileReference; explicitFileType = wrapper.framework; includeInIndex = 0; path = Pods_iSee.framework; sourceTree = BUILT_PRODUCTS_DIR; };
		0ACBA3DD966D035B0C7D3830 /* MyWardrobeModuleOutput.swift */ = {isa = PBXFileReference; includeInIndex = 1; lastKnownFileType = sourcecode.swift; path = MyWardrobeModuleOutput.swift; sourceTree = "<group>"; };
		1011793780F4F48EF9014AD1 /* MyWardrobeModuleConfiguratorTests.swift */ = {isa = PBXFileReference; includeInIndex = 1; lastKnownFileType = sourcecode.swift; path = MyWardrobeModuleConfiguratorTests.swift; sourceTree = "<group>"; };
		1616CD5F8459C4234B358F87 /* CollectionViewOutput.swift */ = {isa = PBXFileReference; includeInIndex = 1; lastKnownFileType = sourcecode.swift; path = CollectionViewOutput.swift; sourceTree = "<group>"; };
		182FA75E891F9C79AB75E043 /* CameraPresenterTests.swift */ = {isa = PBXFileReference; includeInIndex = 1; lastKnownFileType = sourcecode.swift; path = CameraPresenterTests.swift; sourceTree = "<group>"; };
		1F625449AEEE6C69880F8AD5 /* MyFavoritesViewController.swift */ = {isa = PBXFileReference; includeInIndex = 1; lastKnownFileType = sourcecode.swift; path = MyFavoritesViewController.swift; sourceTree = "<group>"; };
		22BAEBDD9FA7F7921204291D /* CollectionModuleConfiguratorTests.swift */ = {isa = PBXFileReference; includeInIndex = 1; lastKnownFileType = sourcecode.swift; path = CollectionModuleConfiguratorTests.swift; sourceTree = "<group>"; };
		23F06219C04B35BF1E2F04A5 /* PredictedModuleInput.swift */ = {isa = PBXFileReference; includeInIndex = 1; lastKnownFileType = sourcecode.swift; path = PredictedModuleInput.swift; sourceTree = "<group>"; };
		27A78FAAEB12CFB1975BA59D /* CollectionModuleOutput.swift */ = {isa = PBXFileReference; includeInIndex = 1; lastKnownFileType = sourcecode.swift; path = CollectionModuleOutput.swift; sourceTree = "<group>"; };
		2CA184B6242598481671D64C /* MyWardrobeRouter.swift */ = {isa = PBXFileReference; includeInIndex = 1; lastKnownFileType = sourcecode.swift; path = MyWardrobeRouter.swift; sourceTree = "<group>"; };
		2E4125D1027BB0881E085EA9 /* PredictedRouter.swift */ = {isa = PBXFileReference; includeInIndex = 1; lastKnownFileType = sourcecode.swift; path = PredictedRouter.swift; sourceTree = "<group>"; };
		2E8548078B65C60244EDCDF4 /* MyFavoritesRouter.swift */ = {isa = PBXFileReference; includeInIndex = 1; lastKnownFileType = sourcecode.swift; path = MyFavoritesRouter.swift; sourceTree = "<group>"; };
		3178BEDF45A61A0D124BBFF2 /* MyFavoritesModuleConfiguratorTests.swift */ = {isa = PBXFileReference; includeInIndex = 1; lastKnownFileType = sourcecode.swift; path = MyFavoritesModuleConfiguratorTests.swift; sourceTree = "<group>"; };
		3C38A99BFA5447674EE17872 /* CollectionPresenterTests.swift */ = {isa = PBXFileReference; includeInIndex = 1; lastKnownFileType = sourcecode.swift; path = CollectionPresenterTests.swift; sourceTree = "<group>"; };
		3E057B322EAEB5F9BD7B9EE8 /* MyWardrobeViewTests.swift */ = {isa = PBXFileReference; includeInIndex = 1; lastKnownFileType = sourcecode.swift; path = MyWardrobeViewTests.swift; sourceTree = "<group>"; };
		41C735E86656FFF466601E0E /* MyFavoritesPresenter.swift */ = {isa = PBXFileReference; includeInIndex = 1; lastKnownFileType = sourcecode.swift; path = MyFavoritesPresenter.swift; sourceTree = "<group>"; };
		41DCC0FDA931FBC3DFF2E1A3 /* CameraRouterTests.swift */ = {isa = PBXFileReference; includeInIndex = 1; lastKnownFileType = sourcecode.swift; path = CameraRouterTests.swift; sourceTree = "<group>"; };
		420EC8AD2E7CB7AC1BB41727 /* MyFavoritesViewController.storyboard */ = {isa = PBXFileReference; includeInIndex = 1; lastKnownFileType = file.storyboard; path = MyFavoritesViewController.storyboard; sourceTree = "<group>"; };
		470EED1DCD11B82F91BF47BA /* CollectionModuleConfigurator.swift */ = {isa = PBXFileReference; includeInIndex = 1; lastKnownFileType = sourcecode.swift; path = CollectionModuleConfigurator.swift; sourceTree = "<group>"; };
		4853C9ABCB3038CC934E725B /* PredictedViewTests.swift */ = {isa = PBXFileReference; includeInIndex = 1; lastKnownFileType = sourcecode.swift; path = PredictedViewTests.swift; sourceTree = "<group>"; };
		4E0100B2CC8EE70488C3F5C2 /* MyFavoritesModuleOutput.swift */ = {isa = PBXFileReference; includeInIndex = 1; lastKnownFileType = sourcecode.swift; path = MyFavoritesModuleOutput.swift; sourceTree = "<group>"; };
		5299A2819379C8457C76550F /* MyWardrobeViewInput.swift */ = {isa = PBXFileReference; includeInIndex = 1; lastKnownFileType = sourcecode.swift; path = MyWardrobeViewInput.swift; sourceTree = "<group>"; };
		52C2D76D504280A42486972E /* CameraViewTests.swift */ = {isa = PBXFileReference; includeInIndex = 1; lastKnownFileType = sourcecode.swift; path = CameraViewTests.swift; sourceTree = "<group>"; };
		59C8B73529300897C6F3681E /* CollectionPresenter.swift */ = {isa = PBXFileReference; includeInIndex = 1; lastKnownFileType = sourcecode.swift; path = CollectionPresenter.swift; sourceTree = "<group>"; };
		5EA5BE656C6DA3A1F9C4EC7C /* MyFavoritesPresenterTests.swift */ = {isa = PBXFileReference; includeInIndex = 1; lastKnownFileType = sourcecode.swift; path = MyFavoritesPresenterTests.swift; sourceTree = "<group>"; };
		65A52AF4811205C1C3408670 /* PredictedModuleConfiguratorTests.swift */ = {isa = PBXFileReference; includeInIndex = 1; lastKnownFileType = sourcecode.swift; path = PredictedModuleConfiguratorTests.swift; sourceTree = "<group>"; };
		65F46F7D1F2456AEB2E9273E /* MyWardrobePresenterTests.swift */ = {isa = PBXFileReference; includeInIndex = 1; lastKnownFileType = sourcecode.swift; path = MyWardrobePresenterTests.swift; sourceTree = "<group>"; };
		7331705952103BACED904E2D /* CameraViewController.swift */ = {isa = PBXFileReference; includeInIndex = 1; lastKnownFileType = sourcecode.swift; path = CameraViewController.swift; sourceTree = "<group>"; };
		75333A0AB9298C8287872336 /* PredictedViewController.swift */ = {isa = PBXFileReference; includeInIndex = 1; lastKnownFileType = sourcecode.swift; path = PredictedViewController.swift; sourceTree = "<group>"; };
		77A1CB52A61A66A9A080A071 /* MyFavoritesModuleConfigurator.swift */ = {isa = PBXFileReference; includeInIndex = 1; lastKnownFileType = sourcecode.swift; path = MyFavoritesModuleConfigurator.swift; sourceTree = "<group>"; };
		7BD2DF346E443FD93D4D2800 /* CameraViewInput.swift */ = {isa = PBXFileReference; includeInIndex = 1; lastKnownFileType = sourcecode.swift; path = CameraViewInput.swift; sourceTree = "<group>"; };
		7DB91FF7E109776A456C0B88 /* MyWardrobeViewController.swift */ = {isa = PBXFileReference; includeInIndex = 1; lastKnownFileType = sourcecode.swift; path = MyWardrobeViewController.swift; sourceTree = "<group>"; };
		7E6041148C970005C389B81B /* MyWardrobeViewOutput.swift */ = {isa = PBXFileReference; includeInIndex = 1; lastKnownFileType = sourcecode.swift; path = MyWardrobeViewOutput.swift; sourceTree = "<group>"; };
		803B3541548D5978E635588E /* CameraViewOutput.swift */ = {isa = PBXFileReference; includeInIndex = 1; lastKnownFileType = sourcecode.swift; path = CameraViewOutput.swift; sourceTree = "<group>"; };
		86CBA7A95F19161D0119539F /* CollectionRouterTests.swift */ = {isa = PBXFileReference; includeInIndex = 1; lastKnownFileType = sourcecode.swift; path = CollectionRouterTests.swift; sourceTree = "<group>"; };
		88AC03ABD59E4CFDC3B4C980 /* PredictedRouterInput.swift */ = {isa = PBXFileReference; includeInIndex = 1; lastKnownFileType = sourcecode.swift; path = PredictedRouterInput.swift; sourceTree = "<group>"; };
		8C2C96ABD90106F283CEA030 /* CollectionViewController.storyboard */ = {isa = PBXFileReference; includeInIndex = 1; lastKnownFileType = file.storyboard; path = CollectionViewController.storyboard; sourceTree = "<group>"; };
		8EE8493AD874546DA8C5C253 /* MyWardrobeModuleInput.swift */ = {isa = PBXFileReference; includeInIndex = 1; lastKnownFileType = sourcecode.swift; path = MyWardrobeModuleInput.swift; sourceTree = "<group>"; };
		98DAEB00DD290B83EB03148C /* MyWardrobeRouterInput.swift */ = {isa = PBXFileReference; includeInIndex = 1; lastKnownFileType = sourcecode.swift; path = MyWardrobeRouterInput.swift; sourceTree = "<group>"; };
		9949A4C18A7D981E89AE4929 /* MyWardrobeViewController.storyboard */ = {isa = PBXFileReference; includeInIndex = 1; lastKnownFileType = file.storyboard; path = MyWardrobeViewController.storyboard; sourceTree = "<group>"; };
		9C589D24F4992D871DCC7DC2 /* CollectionRouterInput.swift */ = {isa = PBXFileReference; includeInIndex = 1; lastKnownFileType = sourcecode.swift; path = CollectionRouterInput.swift; sourceTree = "<group>"; };
		AE39CF183D470D489A380D07 /* MyFavoritesRouterInput.swift */ = {isa = PBXFileReference; includeInIndex = 1; lastKnownFileType = sourcecode.swift; path = MyFavoritesRouterInput.swift; sourceTree = "<group>"; };
		AEE2B47716E3702191788F5E /* PredictedViewOutput.swift */ = {isa = PBXFileReference; includeInIndex = 1; lastKnownFileType = sourcecode.swift; path = PredictedViewOutput.swift; sourceTree = "<group>"; };
		B0F22D6604C93AA8719800A9 /* PredictedModuleConfigurator.swift */ = {isa = PBXFileReference; includeInIndex = 1; lastKnownFileType = sourcecode.swift; path = PredictedModuleConfigurator.swift; sourceTree = "<group>"; };
		B392B96F087CA0016B1631D4 /* MyWardrobePresenter.swift */ = {isa = PBXFileReference; includeInIndex = 1; lastKnownFileType = sourcecode.swift; path = MyWardrobePresenter.swift; sourceTree = "<group>"; };
		BDA159A1F6EF7F2163B114B0 /* Pods-iSee.debug.xcconfig */ = {isa = PBXFileReference; includeInIndex = 1; lastKnownFileType = text.xcconfig; name = "Pods-iSee.debug.xcconfig"; path = "Target Support Files/Pods-iSee/Pods-iSee.debug.xcconfig"; sourceTree = "<group>"; };
		BE55251BEB0A48D5D67AB503 /* PredictedRouterTests.swift */ = {isa = PBXFileReference; includeInIndex = 1; lastKnownFileType = sourcecode.swift; path = PredictedRouterTests.swift; sourceTree = "<group>"; };
		C010F9EF46D482D94E6385A3 /* CollectionViewTests.swift */ = {isa = PBXFileReference; includeInIndex = 1; lastKnownFileType = sourcecode.swift; path = CollectionViewTests.swift; sourceTree = "<group>"; };
		C13D865D9019422E36F936BF /* CameraModuleInput.swift */ = {isa = PBXFileReference; includeInIndex = 1; lastKnownFileType = sourcecode.swift; path = CameraModuleInput.swift; sourceTree = "<group>"; };
		C1442DF2F17564916FEABB4D /* CameraRouterInput.swift */ = {isa = PBXFileReference; includeInIndex = 1; lastKnownFileType = sourcecode.swift; path = CameraRouterInput.swift; sourceTree = "<group>"; };
		C5E9E033166A475AE035F09A /* CameraModuleOutput.swift */ = {isa = PBXFileReference; includeInIndex = 1; lastKnownFileType = sourcecode.swift; path = CameraModuleOutput.swift; sourceTree = "<group>"; };
		CA6274E4DA2B54031D51B4AA /* CollectionRouter.swift */ = {isa = PBXFileReference; includeInIndex = 1; lastKnownFileType = sourcecode.swift; path = CollectionRouter.swift; sourceTree = "<group>"; };
		CB9D068BE00907F402C30DF4 /* PredictedPresenterTests.swift */ = {isa = PBXFileReference; includeInIndex = 1; lastKnownFileType = sourcecode.swift; path = PredictedPresenterTests.swift; sourceTree = "<group>"; };
		CCFD20C8C8D42E4AF8308FB0 /* PredictedViewInput.swift */ = {isa = PBXFileReference; includeInIndex = 1; lastKnownFileType = sourcecode.swift; path = PredictedViewInput.swift; sourceTree = "<group>"; };
		CF791246AD3C09ED77B5034E /* MyWardrobeModuleConfigurator.swift */ = {isa = PBXFileReference; includeInIndex = 1; lastKnownFileType = sourcecode.swift; path = MyWardrobeModuleConfigurator.swift; sourceTree = "<group>"; };
		D1FE99423050C86F0DA9AFCC /* CollectionModuleInput.swift */ = {isa = PBXFileReference; includeInIndex = 1; lastKnownFileType = sourcecode.swift; path = CollectionModuleInput.swift; sourceTree = "<group>"; };
		D32FAC75C4F47A79443EA5F3 /* MyFavoritesViewInput.swift */ = {isa = PBXFileReference; includeInIndex = 1; lastKnownFileType = sourcecode.swift; path = MyFavoritesViewInput.swift; sourceTree = "<group>"; };
		D4FCFA8664BD2EF58E5ED38B /* PredictedViewController.storyboard */ = {isa = PBXFileReference; includeInIndex = 1; lastKnownFileType = file.storyboard; path = PredictedViewController.storyboard; sourceTree = "<group>"; };
		D566E4ADD8265C1AD4D2D1AD /* Pods-iSee.release.xcconfig */ = {isa = PBXFileReference; includeInIndex = 1; lastKnownFileType = text.xcconfig; name = "Pods-iSee.release.xcconfig"; path = "Target Support Files/Pods-iSee/Pods-iSee.release.xcconfig"; sourceTree = "<group>"; };
		D5F54B6A9C37C1FA58E6623A /* CollectionViewController.swift */ = {isa = PBXFileReference; includeInIndex = 1; lastKnownFileType = sourcecode.swift; path = CollectionViewController.swift; sourceTree = "<group>"; };
		DADAD1AF1192342DFFDC4697 /* MyFavoritesViewTests.swift */ = {isa = PBXFileReference; includeInIndex = 1; lastKnownFileType = sourcecode.swift; path = MyFavoritesViewTests.swift; sourceTree = "<group>"; };
		DB5B74D4B02E2E2EFC129E1B /* CameraRouter.swift */ = {isa = PBXFileReference; includeInIndex = 1; lastKnownFileType = sourcecode.swift; path = CameraRouter.swift; sourceTree = "<group>"; };
		DCDB1A3B69009D7CB8994E2F /* PredictedPresenter.swift */ = {isa = PBXFileReference; includeInIndex = 1; lastKnownFileType = sourcecode.swift; path = PredictedPresenter.swift; sourceTree = "<group>"; };
		E1E3F33AB5CA85E443D5EAB2 /* CollectionViewInput.swift */ = {isa = PBXFileReference; includeInIndex = 1; lastKnownFileType = sourcecode.swift; path = CollectionViewInput.swift; sourceTree = "<group>"; };
		E4B018000517C03BF411B4C0 /* CameraPresenter.swift */ = {isa = PBXFileReference; includeInIndex = 1; lastKnownFileType = sourcecode.swift; path = CameraPresenter.swift; sourceTree = "<group>"; };
		E832A3C4D9A4C7F5BAEA094B /* MyFavoritesViewOutput.swift */ = {isa = PBXFileReference; includeInIndex = 1; lastKnownFileType = sourcecode.swift; path = MyFavoritesViewOutput.swift; sourceTree = "<group>"; };
		E8557D2B6D5AC782A9A30D5A /* CameraModuleConfigurator.swift */ = {isa = PBXFileReference; includeInIndex = 1; lastKnownFileType = sourcecode.swift; path = CameraModuleConfigurator.swift; sourceTree = "<group>"; };
		E91B7B3571DB51B2F4CA2B31 /* MyFavoritesModuleInput.swift */ = {isa = PBXFileReference; includeInIndex = 1; lastKnownFileType = sourcecode.swift; path = MyFavoritesModuleInput.swift; sourceTree = "<group>"; };
		EF969B93CE2201160C047A8D /* MyWardrobeRouterTests.swift */ = {isa = PBXFileReference; includeInIndex = 1; lastKnownFileType = sourcecode.swift; path = MyWardrobeRouterTests.swift; sourceTree = "<group>"; };
		F55F5CE7239268DB00890055 /* lensAnimation.json */ = {isa = PBXFileReference; fileEncoding = 4; lastKnownFileType = text.json; path = lensAnimation.json; sourceTree = "<group>"; };
		F55F5CEA239278CC00890055 /* ShotButton.swift */ = {isa = PBXFileReference; lastKnownFileType = sourcecode.swift; path = ShotButton.swift; sourceTree = "<group>"; };
		F55F5CED23928F8E00890055 /* LoaderView.swift */ = {isa = PBXFileReference; lastKnownFileType = sourcecode.swift; path = LoaderView.swift; sourceTree = "<group>"; };
		F55F5CEF2392910000890055 /* UIView.swift */ = {isa = PBXFileReference; lastKnownFileType = sourcecode.swift; path = UIView.swift; sourceTree = "<group>"; };
		F55F5CF1239291E000890055 /* StatePresentable.swift */ = {isa = PBXFileReference; lastKnownFileType = sourcecode.swift; path = StatePresentable.swift; sourceTree = "<group>"; };
		F55F5CF42392A3E600890055 /* PreviewImageView.swift */ = {isa = PBXFileReference; lastKnownFileType = sourcecode.swift; path = PreviewImageView.swift; sourceTree = "<group>"; };
		F591B19723943B4E00A9283F /* WardrobeCell.swift */ = {isa = PBXFileReference; lastKnownFileType = sourcecode.swift; path = WardrobeCell.swift; sourceTree = "<group>"; };
		F591B19923943CB000A9283F /* WardrobeAdapter.swift */ = {isa = PBXFileReference; lastKnownFileType = sourcecode.swift; path = WardrobeAdapter.swift; sourceTree = "<group>"; };
		F598B2E6239198BA00AB7B55 /* SHKAF.app */ = {isa = PBXFileReference; explicitFileType = wrapper.application; includeInIndex = 0; path = SHKAF.app; sourceTree = BUILT_PRODUCTS_DIR; };
		F598B2EA239198BA00AB7B55 /* fastlane */ = {isa = PBXFileReference; lastKnownFileType = folder; name = fastlane; path = ../../fastlane; sourceTree = "<group>"; };
		F598B2EC239198BA00AB7B55 /* ci */ = {isa = PBXFileReference; lastKnownFileType = folder; name = ci; path = ../../ci; sourceTree = "<group>"; };
		F598B2EE239198BA00AB7B55 /* Podfile */ = {isa = PBXFileReference; lastKnownFileType = text; name = Podfile; path = ../../Podfile; sourceTree = "<group>"; };
		F598B2F0239198BA00AB7B55 /* .gitignore */ = {isa = PBXFileReference; lastKnownFileType = text; name = .gitignore; path = ../../.gitignore; sourceTree = "<group>"; };
		F598B2F3239198BA00AB7B55 /* .gitkeep */ = {isa = PBXFileReference; lastKnownFileType = text; path = .gitkeep; sourceTree = "<group>"; };
		F598B2F8239198BA00AB7B55 /* .gitkeep */ = {isa = PBXFileReference; lastKnownFileType = text; path = .gitkeep; sourceTree = "<group>"; };
		F598B2FA239198BA00AB7B55 /* .gitkeep */ = {isa = PBXFileReference; lastKnownFileType = text; path = .gitkeep; sourceTree = "<group>"; };
		F598B2FC239198BA00AB7B55 /* .gitkeep */ = {isa = PBXFileReference; lastKnownFileType = text; path = .gitkeep; sourceTree = "<group>"; };
		F598B2FE239198BA00AB7B55 /* .gitkeep */ = {isa = PBXFileReference; lastKnownFileType = text; path = .gitkeep; sourceTree = "<group>"; };
		F598B306239198BA00AB7B55 /* .gitkeep */ = {isa = PBXFileReference; lastKnownFileType = text; path = .gitkeep; sourceTree = "<group>"; };
		F598B310239198BA00AB7B55 /* .gitkeep */ = {isa = PBXFileReference; lastKnownFileType = text; path = .gitkeep; sourceTree = "<group>"; };
		F598B312239198BA00AB7B55 /* LaunchScreen.xib */ = {isa = PBXFileReference; lastKnownFileType = file.xib; path = LaunchScreen.xib; sourceTree = "<group>"; };
		F598B314239198BA00AB7B55 /* Assets.xcassets */ = {isa = PBXFileReference; lastKnownFileType = folder.assetcatalog; path = Assets.xcassets; sourceTree = "<group>"; };
		F598B316239198BA00AB7B55 /* AppDelegate.swift */ = {isa = PBXFileReference; lastKnownFileType = sourcecode.swift; path = AppDelegate.swift; sourceTree = "<group>"; };
		F598B31A239198BA00AB7B55 /* Localizable.strings */ = {isa = PBXFileReference; lastKnownFileType = text.plist.strings; path = Localizable.strings; sourceTree = "<group>"; };
		F598B31B239198BA00AB7B55 /* Assets.swift */ = {isa = PBXFileReference; lastKnownFileType = sourcecode.swift; path = Assets.swift; sourceTree = "<group>"; };
		F598B31D239198BA00AB7B55 /* Fonts.swift */ = {isa = PBXFileReference; lastKnownFileType = sourcecode.swift; path = Fonts.swift; sourceTree = "<group>"; };
		F598B31F239198BA00AB7B55 /* Strings.swift */ = {isa = PBXFileReference; lastKnownFileType = sourcecode.swift; path = Strings.swift; sourceTree = "<group>"; };
		F598B322239198BA00AB7B55 /* Colors.swift */ = {isa = PBXFileReference; lastKnownFileType = sourcecode.swift; path = Colors.swift; sourceTree = "<group>"; };
		F598B324239198BA00AB7B55 /* swiftgen.yml */ = {isa = PBXFileReference; lastKnownFileType = text.yaml; name = swiftgen.yml; path = ../../swiftgen.yml; sourceTree = "<group>"; };
		F598B326239198BA00AB7B55 /* .swiftlint.yml */ = {isa = PBXFileReference; lastKnownFileType = text.yaml; name = .swiftlint.yml; path = ../../.swiftlint.yml; sourceTree = "<group>"; };
		F598B328239198BA00AB7B55 /* Makefile */ = {isa = PBXFileReference; lastKnownFileType = sourcecode.make; name = Makefile; path = ../../Makefile; sourceTree = "<group>"; };
		F598B329239198BA00AB7B55 /* Gemfile */ = {isa = PBXFileReference; lastKnownFileType = text; name = Gemfile; path = ../../Gemfile; sourceTree = "<group>"; };
		F598B32A239198BA00AB7B55 /* commit-msg */ = {isa = PBXFileReference; lastKnownFileType = text; name = "commit-msg"; path = "../../commit-msg"; sourceTree = "<group>"; };
		F598B32B239198BA00AB7B55 /* Rambafile */ = {isa = PBXFileReference; lastKnownFileType = text; name = Rambafile; path = ../../Rambafile; sourceTree = "<group>"; };
		F598B32C239198BA00AB7B55 /* README.md */ = {isa = PBXFileReference; lastKnownFileType = net.daringfireball.markdown; name = README.md; path = ../../README.md; sourceTree = "<group>"; };
		F598B32D239198BA00AB7B55 /* ModuleTrasitionable.swift */ = {isa = PBXFileReference; lastKnownFileType = sourcecode.swift; path = ModuleTrasitionable.swift; sourceTree = "<group>"; };
		F598B32F239198BA00AB7B55 /* Info.plist */ = {isa = PBXFileReference; lastKnownFileType = text.plist.xml; path = Info.plist; sourceTree = "<group>"; };
		F598B334239198BB00AB7B55 /* iSeeTests.xctest */ = {isa = PBXFileReference; explicitFileType = wrapper.cfbundle; includeInIndex = 0; path = iSeeTests.xctest; sourceTree = BUILT_PRODUCTS_DIR; };
		F598B338239198BB00AB7B55 /* iSeeTests.swift */ = {isa = PBXFileReference; lastKnownFileType = sourcecode.swift; path = iSeeTests.swift; sourceTree = "<group>"; };
		F598B33B239198BB00AB7B55 /* .gitkeep */ = {isa = PBXFileReference; lastKnownFileType = text; path = .gitkeep; sourceTree = "<group>"; };
		F598B33C239198BB00AB7B55 /* .gitkeep */ = {isa = PBXFileReference; lastKnownFileType = text; name = .gitkeep; path = Resources/.gitkeep; sourceTree = "<group>"; };
		F598B33D239198BB00AB7B55 /* XCTestCase.swift */ = {isa = PBXFileReference; lastKnownFileType = sourcecode.swift; name = XCTestCase.swift; path = ../XCTestCase.swift; sourceTree = "<group>"; };
		F598B33F239198BB00AB7B55 /* Info.plist */ = {isa = PBXFileReference; lastKnownFileType = text.plist.xml; path = Info.plist; sourceTree = "<group>"; };
		F5D27C5E2392B10E00D2E5F3 /* reverseLensAnimation.json */ = {isa = PBXFileReference; fileEncoding = 4; lastKnownFileType = text.json; path = reverseLensAnimation.json; sourceTree = "<group>"; };
		F5D27C612392B7E800D2E5F3 /* MainRoute.swift */ = {isa = PBXFileReference; lastKnownFileType = sourcecode.swift; path = MainRoute.swift; sourceTree = "<group>"; };
		F5D27C632392B89C00D2E5F3 /* SeeService.swift */ = {isa = PBXFileReference; lastKnownFileType = sourcecode.swift; path = SeeService.swift; sourceTree = "<group>"; };
		F5D27C652392BD3500D2E5F3 /* UIImage.swift */ = {isa = PBXFileReference; lastKnownFileType = sourcecode.swift; path = UIImage.swift; sourceTree = "<group>"; };
		F5D27C672392CA6F00D2E5F3 /* PredictedBoxEntry.swift */ = {isa = PBXFileReference; lastKnownFileType = sourcecode.swift; path = PredictedBoxEntry.swift; sourceTree = "<group>"; };
		F5D27C692392CB0F00D2E5F3 /* PredictedBoxEntity.swift */ = {isa = PBXFileReference; lastKnownFileType = sourcecode.swift; path = PredictedBoxEntity.swift; sourceTree = "<group>"; };
		F5D27C6B2392F0EF00D2E5F3 /* PointView.swift */ = {isa = PBXFileReference; lastKnownFileType = sourcecode.swift; path = PointView.swift; sourceTree = "<group>"; };
		F5D27C6D2393224A00D2E5F3 /* CollectionButton.swift */ = {isa = PBXFileReference; lastKnownFileType = sourcecode.swift; path = CollectionButton.swift; sourceTree = "<group>"; };
		F5D27C7123939B9700D2E5F3 /* CollectionItemCell.swift */ = {isa = PBXFileReference; lastKnownFileType = sourcecode.swift; path = CollectionItemCell.swift; sourceTree = "<group>"; };
		F5D27C7523939EFA00D2E5F3 /* UITableView.swift */ = {isa = PBXFileReference; lastKnownFileType = sourcecode.swift; path = UITableView.swift; sourceTree = "<group>"; };
		F5D27C7723939F6C00D2E5F3 /* CollectionAdapter.swift */ = {isa = PBXFileReference; lastKnownFileType = sourcecode.swift; path = CollectionAdapter.swift; sourceTree = "<group>"; };
		F5D27C792393AAA200D2E5F3 /* String.swift */ = {isa = PBXFileReference; lastKnownFileType = sourcecode.swift; path = String.swift; sourceTree = "<group>"; };
		F5D27C7B2393C3DC00D2E5F3 /* СlotheItemEntry.swift */ = {isa = PBXFileReference; lastKnownFileType = sourcecode.swift; path = "СlotheItemEntry.swift"; sourceTree = "<group>"; };
		F5D27C7D2393C49800D2E5F3 /* ClotheItemEntity.swift */ = {isa = PBXFileReference; lastKnownFileType = sourcecode.swift; path = ClotheItemEntity.swift; sourceTree = "<group>"; };
		F5D27C802393E6D500D2E5F3 /* DataStorage.swift */ = {isa = PBXFileReference; lastKnownFileType = sourcecode.swift; path = DataStorage.swift; sourceTree = "<group>"; };
		F5D27C822393E89400D2E5F3 /* EncodableDecodable.swift */ = {isa = PBXFileReference; lastKnownFileType = sourcecode.swift; path = EncodableDecodable.swift; sourceTree = "<group>"; };
		F5D27C842394317400D2E5F3 /* WardrobeEntity.swift */ = {isa = PBXFileReference; lastKnownFileType = sourcecode.swift; path = WardrobeEntity.swift; sourceTree = "<group>"; };
/* End PBXFileReference section */

/* Begin PBXFrameworksBuildPhase section */
		F598B2E1239198BA00AB7B55 /* Frameworks */ = {
			isa = PBXFrameworksBuildPhase;
			buildActionMask = 2147483647;
			files = (
				CF57092F610983F949DC142B /* Pods_iSee.framework in Frameworks */,
			);
			runOnlyForDeploymentPostprocessing = 0;
		};
		F598B331239198BB00AB7B55 /* Frameworks */ = {
			isa = PBXFrameworksBuildPhase;
			buildActionMask = 2147483647;
			files = (
			);
			runOnlyForDeploymentPostprocessing = 0;
		};
/* End PBXFrameworksBuildPhase section */

/* Begin PBXGroup section */
		0A903651B6EF61A4CF9FB375 /* Configurator */ = {
			isa = PBXGroup;
			children = (
				65A52AF4811205C1C3408670 /* PredictedModuleConfiguratorTests.swift */,
			);
			path = Configurator;
			sourceTree = "<group>";
		};
		103B2CEB678CA38115C25EE8 /* Configurator */ = {
			isa = PBXGroup;
			children = (
				B0F22D6604C93AA8719800A9 /* PredictedModuleConfigurator.swift */,
			);
			path = Configurator;
			sourceTree = "<group>";
		};
		1170B224290936CB89C03C5B /* Pods */ = {
			isa = PBXGroup;
			children = (
				BDA159A1F6EF7F2163B114B0 /* Pods-iSee.debug.xcconfig */,
				D566E4ADD8265C1AD4D2D1AD /* Pods-iSee.release.xcconfig */,
			);
			path = Pods;
			sourceTree = "<group>";
		};
		20EEAE61808C87B912AAB9D2 /* Presenter */ = {
			isa = PBXGroup;
			children = (
				3C38A99BFA5447674EE17872 /* CollectionPresenterTests.swift */,
			);
			path = Presenter;
			sourceTree = "<group>";
		};
		28E16525DAA4BACC730B6613 /* Router */ = {
			isa = PBXGroup;
			children = (
				EF969B93CE2201160C047A8D /* MyWardrobeRouterTests.swift */,
			);
			path = Router;
			sourceTree = "<group>";
		};
		29237FED0D7CC4F6EA58090E /* View */ = {
			isa = PBXGroup;
			children = (
				F5D27C6F23939B6C00D2E5F3 /* Adapter */,
				D5F54B6A9C37C1FA58E6623A /* CollectionViewController.swift */,
				8C2C96ABD90106F283CEA030 /* CollectionViewController.storyboard */,
				E1E3F33AB5CA85E443D5EAB2 /* CollectionViewInput.swift */,
				1616CD5F8459C4234B358F87 /* CollectionViewOutput.swift */,
			);
			path = View;
			sourceTree = "<group>";
		};
		296E6418922833A31393845B /* Router */ = {
			isa = PBXGroup;
			children = (
				BE55251BEB0A48D5D67AB503 /* PredictedRouterTests.swift */,
			);
			path = Router;
			sourceTree = "<group>";
		};
		2A80CD16602237D8B6063699 /* Configurator */ = {
			isa = PBXGroup;
			children = (
				77A1CB52A61A66A9A080A071 /* MyFavoritesModuleConfigurator.swift */,
			);
			path = Configurator;
			sourceTree = "<group>";
		};
		2AE6A70C6C3175E3F42FEE3B /* View */ = {
			isa = PBXGroup;
			children = (
				3E057B322EAEB5F9BD7B9EE8 /* MyWardrobeViewTests.swift */,
			);
			path = View;
			sourceTree = "<group>";
		};
		2D14FE82AFF9A3B7D5FEC60E /* MyWardrobe */ = {
			isa = PBXGroup;
			children = (
				D060AABDF5C6ACFDFBD3F67C /* Configurator */,
				3916FED10637BA88BE249BE5 /* Router */,
				EF0154E0A1276F65EC92624A /* Presenter */,
				7B45831A4BBA3762355E571D /* View */,
			);
			path = MyWardrobe;
			sourceTree = "<group>";
		};
		355FBC07499E54835527BC45 /* View */ = {
			isa = PBXGroup;
			children = (
				DADAD1AF1192342DFFDC4697 /* MyFavoritesViewTests.swift */,
			);
			path = View;
			sourceTree = "<group>";
		};
		35F91493A8BC67E21DA72A59 /* Presenter */ = {
			isa = PBXGroup;
			children = (
				182FA75E891F9C79AB75E043 /* CameraPresenterTests.swift */,
			);
			path = Presenter;
			sourceTree = "<group>";
		};
		3916FED10637BA88BE249BE5 /* Router */ = {
			isa = PBXGroup;
			children = (
				2CA184B6242598481671D64C /* MyWardrobeRouter.swift */,
				98DAEB00DD290B83EB03148C /* MyWardrobeRouterInput.swift */,
			);
			path = Router;
			sourceTree = "<group>";
		};
		39D61B75A1122F06DB60C494 /* Predicted */ = {
			isa = PBXGroup;
			children = (
				103B2CEB678CA38115C25EE8 /* Configurator */,
				F07F4D9E0DD83CB62C45AF0C /* Router */,
				F0437397C55276360ECE5F51 /* Presenter */,
				AE3D3F19D756C21DEDE8959F /* View */,
			);
			path = Predicted;
			sourceTree = "<group>";
		};
		4A19ACAC322DC5C509FA0D55 /* Configurator */ = {
			isa = PBXGroup;
			children = (
				470EED1DCD11B82F91BF47BA /* CollectionModuleConfigurator.swift */,
			);
			path = Configurator;
			sourceTree = "<group>";
		};
		4ADC220CF31D10D747A0F804 /* Router */ = {
			isa = PBXGroup;
			children = (
				DB5B74D4B02E2E2EFC129E1B /* CameraRouter.swift */,
				C1442DF2F17564916FEABB4D /* CameraRouterInput.swift */,
			);
			path = Router;
			sourceTree = "<group>";
		};
		4D3A5621C5D73733F975B9B7 /* View */ = {
			isa = PBXGroup;
			children = (
				C010F9EF46D482D94E6385A3 /* CollectionViewTests.swift */,
			);
			path = View;
			sourceTree = "<group>";
		};
		4E1DA850E8B4FCB5FF48CB14 /* MyFavorites */ = {
			isa = PBXGroup;
			children = (
				CF387B897FEDBA34562CB97B /* Configurator */,
				942FC2021892C66896831398 /* Router */,
				A0FB25BAA7A0233E6F7A2F7E /* Presenter */,
				355FBC07499E54835527BC45 /* View */,
			);
			path = MyFavorites;
			sourceTree = "<group>";
		};
		52181C03D3522FEE14E7E7CE /* Router */ = {
			isa = PBXGroup;
			children = (
				86CBA7A95F19161D0119539F /* CollectionRouterTests.swift */,
			);
			path = Router;
			sourceTree = "<group>";
		};
		5927BF7E2B40719EB90272BE /* User Stories */ = {
			isa = PBXGroup;
			children = (
				5B9E98557E47C12A67274C98 /* Camera */,
				E65F6867EB7191800B34D638 /* Predicted */,
				F9171B14F70607C11A697B2A /* Collection */,
				4E1DA850E8B4FCB5FF48CB14 /* MyFavorites */,
				FF0ECB988941BC4DA076F50D /* MyWardrobe */,
			);
			path = "User Stories";
			sourceTree = "<group>";
		};
		59CE10BC83E9EA333B9B0477 /* Frameworks */ = {
			isa = PBXGroup;
			children = (
				08DA63D54E782A5A9597A0D7 /* Pods_iSee.framework */,
			);
			name = Frameworks;
			sourceTree = "<group>";
		};
		5B053D79C8F39121FA582E7A /* Router */ = {
			isa = PBXGroup;
			children = (
				2E8548078B65C60244EDCDF4 /* MyFavoritesRouter.swift */,
				AE39CF183D470D489A380D07 /* MyFavoritesRouterInput.swift */,
			);
			path = Router;
			sourceTree = "<group>";
		};
		5B9E98557E47C12A67274C98 /* Camera */ = {
			isa = PBXGroup;
			children = (
				C7A7222D3D112900682710AE /* Configurator */,
				C2D2EC9D29EDA1FEE21BCD79 /* Router */,
				35F91493A8BC67E21DA72A59 /* Presenter */,
				97CEDC748A4ED2B3DF5AC6C3 /* View */,
			);
			path = Camera;
			sourceTree = "<group>";
		};
		74F1E228F4B6ACFBA326A61F /* Presenter */ = {
			isa = PBXGroup;
			children = (
				41C735E86656FFF466601E0E /* MyFavoritesPresenter.swift */,
				E91B7B3571DB51B2F4CA2B31 /* MyFavoritesModuleInput.swift */,
				4E0100B2CC8EE70488C3F5C2 /* MyFavoritesModuleOutput.swift */,
			);
			path = Presenter;
			sourceTree = "<group>";
		};
		7B45831A4BBA3762355E571D /* View */ = {
			isa = PBXGroup;
			children = (
				F591B19623943B3A00A9283F /* Adapter */,
				7DB91FF7E109776A456C0B88 /* MyWardrobeViewController.swift */,
				9949A4C18A7D981E89AE4929 /* MyWardrobeViewController.storyboard */,
				5299A2819379C8457C76550F /* MyWardrobeViewInput.swift */,
				7E6041148C970005C389B81B /* MyWardrobeViewOutput.swift */,
			);
			path = View;
			sourceTree = "<group>";
		};
		7B6A55E1657B3F06E16B68C2 /* MyFavorites */ = {
			isa = PBXGroup;
			children = (
				2A80CD16602237D8B6063699 /* Configurator */,
				5B053D79C8F39121FA582E7A /* Router */,
				74F1E228F4B6ACFBA326A61F /* Presenter */,
				AC3DCF04C5801A12171AA9B4 /* View */,
			);
			path = MyFavorites;
			sourceTree = "<group>";
		};
		801C903F4EB32504EDE46FA1 /* Configurator */ = {
			isa = PBXGroup;
			children = (
				E8557D2B6D5AC782A9A30D5A /* CameraModuleConfigurator.swift */,
			);
			path = Configurator;
			sourceTree = "<group>";
		};
		942FC2021892C66896831398 /* Router */ = {
			isa = PBXGroup;
			children = (
				07B09508CAC8E1E009CB7AC4 /* MyFavoritesRouterTests.swift */,
			);
			path = Router;
			sourceTree = "<group>";
		};
		9540D8656A98593CCADD8A2D /* View */ = {
			isa = PBXGroup;
			children = (
				7331705952103BACED904E2D /* CameraViewController.swift */,
				03E92F314072FF3382FDBB75 /* CameraViewController.storyboard */,
				7BD2DF346E443FD93D4D2800 /* CameraViewInput.swift */,
				803B3541548D5978E635588E /* CameraViewOutput.swift */,
			);
			path = View;
			sourceTree = "<group>";
		};
		97CEDC748A4ED2B3DF5AC6C3 /* View */ = {
			isa = PBXGroup;
			children = (
				52C2D76D504280A42486972E /* CameraViewTests.swift */,
			);
			path = View;
			sourceTree = "<group>";
		};
		9AC8A2DA30F3179919FC8E70 /* Configurator */ = {
			isa = PBXGroup;
			children = (
				1011793780F4F48EF9014AD1 /* MyWardrobeModuleConfiguratorTests.swift */,
			);
			path = Configurator;
			sourceTree = "<group>";
		};
		9EC17238CB1441DBEEA0A6E2 /* Presenter */ = {
			isa = PBXGroup;
			children = (
				CB9D068BE00907F402C30DF4 /* PredictedPresenterTests.swift */,
			);
			path = Presenter;
			sourceTree = "<group>";
		};
		A0FB25BAA7A0233E6F7A2F7E /* Presenter */ = {
			isa = PBXGroup;
			children = (
				5EA5BE656C6DA3A1F9C4EC7C /* MyFavoritesPresenterTests.swift */,
			);
			path = Presenter;
			sourceTree = "<group>";
		};
		AC3DCF04C5801A12171AA9B4 /* View */ = {
			isa = PBXGroup;
			children = (
				1F625449AEEE6C69880F8AD5 /* MyFavoritesViewController.swift */,
				420EC8AD2E7CB7AC1BB41727 /* MyFavoritesViewController.storyboard */,
				D32FAC75C4F47A79443EA5F3 /* MyFavoritesViewInput.swift */,
				E832A3C4D9A4C7F5BAEA094B /* MyFavoritesViewOutput.swift */,
			);
			path = View;
			sourceTree = "<group>";
		};
		AE3D3F19D756C21DEDE8959F /* View */ = {
			isa = PBXGroup;
			children = (
				75333A0AB9298C8287872336 /* PredictedViewController.swift */,
				D4FCFA8664BD2EF58E5ED38B /* PredictedViewController.storyboard */,
				CCFD20C8C8D42E4AF8308FB0 /* PredictedViewInput.swift */,
				AEE2B47716E3702191788F5E /* PredictedViewOutput.swift */,
			);
			path = View;
			sourceTree = "<group>";
		};
		B266CCC44B8747812B633FDE /* Collection */ = {
			isa = PBXGroup;
			children = (
				4A19ACAC322DC5C509FA0D55 /* Configurator */,
				FA74DA47227394F85C27FA43 /* Router */,
				F8EA1F2672B794CC454A5575 /* Presenter */,
				29237FED0D7CC4F6EA58090E /* View */,
			);
			path = Collection;
			sourceTree = "<group>";
		};
		B9CC7E8D354516F424DB082C /* Presenter */ = {
			isa = PBXGroup;
			children = (
				E4B018000517C03BF411B4C0 /* CameraPresenter.swift */,
				C13D865D9019422E36F936BF /* CameraModuleInput.swift */,
				C5E9E033166A475AE035F09A /* CameraModuleOutput.swift */,
			);
			path = Presenter;
			sourceTree = "<group>";
		};
		BD1B3F752542B73980BB15F2 /* Configurator */ = {
			isa = PBXGroup;
			children = (
				22BAEBDD9FA7F7921204291D /* CollectionModuleConfiguratorTests.swift */,
			);
			path = Configurator;
			sourceTree = "<group>";
		};
		C2D2EC9D29EDA1FEE21BCD79 /* Router */ = {
			isa = PBXGroup;
			children = (
				41DCC0FDA931FBC3DFF2E1A3 /* CameraRouterTests.swift */,
			);
			path = Router;
			sourceTree = "<group>";
		};
		C548EFB4FCFBD7CF76CCA753 /* Presenter */ = {
			isa = PBXGroup;
			children = (
				65F46F7D1F2456AEB2E9273E /* MyWardrobePresenterTests.swift */,
			);
			path = Presenter;
			sourceTree = "<group>";
		};
		C7A7222D3D112900682710AE /* Configurator */ = {
			isa = PBXGroup;
			children = (
				08A60194102966E41A325637 /* CameraModuleConfiguratorTests.swift */,
			);
			path = Configurator;
			sourceTree = "<group>";
		};
		CF387B897FEDBA34562CB97B /* Configurator */ = {
			isa = PBXGroup;
			children = (
				3178BEDF45A61A0D124BBFF2 /* MyFavoritesModuleConfiguratorTests.swift */,
			);
			path = Configurator;
			sourceTree = "<group>";
		};
		D031A82A75A49D12CC2E6E7C /* View */ = {
			isa = PBXGroup;
			children = (
				4853C9ABCB3038CC934E725B /* PredictedViewTests.swift */,
			);
			path = View;
			sourceTree = "<group>";
		};
		D060AABDF5C6ACFDFBD3F67C /* Configurator */ = {
			isa = PBXGroup;
			children = (
				CF791246AD3C09ED77B5034E /* MyWardrobeModuleConfigurator.swift */,
			);
			path = Configurator;
			sourceTree = "<group>";
		};
		E65F6867EB7191800B34D638 /* Predicted */ = {
			isa = PBXGroup;
			children = (
				0A903651B6EF61A4CF9FB375 /* Configurator */,
				296E6418922833A31393845B /* Router */,
				9EC17238CB1441DBEEA0A6E2 /* Presenter */,
				D031A82A75A49D12CC2E6E7C /* View */,
			);
			path = Predicted;
			sourceTree = "<group>";
		};
		EF0154E0A1276F65EC92624A /* Presenter */ = {
			isa = PBXGroup;
			children = (
				B392B96F087CA0016B1631D4 /* MyWardrobePresenter.swift */,
				8EE8493AD874546DA8C5C253 /* MyWardrobeModuleInput.swift */,
				0ACBA3DD966D035B0C7D3830 /* MyWardrobeModuleOutput.swift */,
			);
			path = Presenter;
			sourceTree = "<group>";
		};
		F0437397C55276360ECE5F51 /* Presenter */ = {
			isa = PBXGroup;
			children = (
				DCDB1A3B69009D7CB8994E2F /* PredictedPresenter.swift */,
				23F06219C04B35BF1E2F04A5 /* PredictedModuleInput.swift */,
				02F2E8D40117A4CA3BB22C3A /* PredictedModuleOutput.swift */,
			);
			path = Presenter;
			sourceTree = "<group>";
		};
		F07F4D9E0DD83CB62C45AF0C /* Router */ = {
			isa = PBXGroup;
			children = (
				2E4125D1027BB0881E085EA9 /* PredictedRouter.swift */,
				88AC03ABD59E4CFDC3B4C980 /* PredictedRouterInput.swift */,
			);
			path = Router;
			sourceTree = "<group>";
		};
		F55F5CE6239268C700890055 /* Animation */ = {
			isa = PBXGroup;
			children = (
				F5D27C5E2392B10E00D2E5F3 /* reverseLensAnimation.json */,
				F55F5CE7239268DB00890055 /* lensAnimation.json */,
			);
			path = Animation;
			sourceTree = "<group>";
		};
		F55F5CE9239278A600890055 /* Buttons */ = {
			isa = PBXGroup;
			children = (
				F55F5CEA239278CC00890055 /* ShotButton.swift */,
				F5D27C6D2393224A00D2E5F3 /* CollectionButton.swift */,
			);
			path = Buttons;
			sourceTree = "<group>";
		};
		F55F5CEC23928F7D00890055 /* LoaderView */ = {
			isa = PBXGroup;
			children = (
				F55F5CED23928F8E00890055 /* LoaderView.swift */,
			);
			path = LoaderView;
			sourceTree = "<group>";
		};
		F55F5CF32392A3C600890055 /* UIView */ = {
			isa = PBXGroup;
			children = (
				F55F5CF42392A3E600890055 /* PreviewImageView.swift */,
				F5D27C6B2392F0EF00D2E5F3 /* PointView.swift */,
			);
			path = UIView;
			sourceTree = "<group>";
		};
		F591B19623943B3A00A9283F /* Adapter */ = {
			isa = PBXGroup;
			children = (
				F591B19723943B4E00A9283F /* WardrobeCell.swift */,
				F591B19923943CB000A9283F /* WardrobeAdapter.swift */,
			);
			path = Adapter;
			sourceTree = "<group>";
		};
		F598B2DB239198BA00AB7B55 = {
			isa = PBXGroup;
			children = (
				F598B2E8239198BA00AB7B55 /* iSee */,
				F598B337239198BB00AB7B55 /* iSeeTests */,
				F598B2E7239198BA00AB7B55 /* Products */,
				1170B224290936CB89C03C5B /* Pods */,
				59CE10BC83E9EA333B9B0477 /* Frameworks */,
			);
			sourceTree = "<group>";
		};
		F598B2E7239198BA00AB7B55 /* Products */ = {
			isa = PBXGroup;
			children = (
				F598B2E6239198BA00AB7B55 /* SHKAF.app */,
				F598B334239198BB00AB7B55 /* iSeeTests.xctest */,
			);
			name = Products;
			sourceTree = "<group>";
		};
		F598B2E8239198BA00AB7B55 /* iSee */ = {
			isa = PBXGroup;
			children = (
				F598B32F239198BA00AB7B55 /* Info.plist */,
				F598B2E9239198BA00AB7B55 /* Non-iOS Resources */,
				F598B2F2239198BA00AB7B55 /* Third Party */,
				F598B2F4239198BA00AB7B55 /* Services */,
				F598B2F6239198BA00AB7B55 /* Resources */,
				F598B2FF239198BA00AB7B55 /* Models */,
				F598B304239198BA00AB7B55 /* Library */,
				F598B311239198BA00AB7B55 /* Application */,
				F598B318239198BA00AB7B55 /* User Stories */,
			);
			path = iSee;
			sourceTree = "<group>";
		};
		F598B2E9239198BA00AB7B55 /* Non-iOS Resources */ = {
			isa = PBXGroup;
			children = (
				F598B2EA239198BA00AB7B55 /* fastlane */,
				F598B2EC239198BA00AB7B55 /* ci */,
				F598B2EE239198BA00AB7B55 /* Podfile */,
				F598B2F0239198BA00AB7B55 /* .gitignore */,
				F598B324239198BA00AB7B55 /* swiftgen.yml */,
				F598B326239198BA00AB7B55 /* .swiftlint.yml */,
				F598B328239198BA00AB7B55 /* Makefile */,
				F598B329239198BA00AB7B55 /* Gemfile */,
				F598B32A239198BA00AB7B55 /* commit-msg */,
				F598B32B239198BA00AB7B55 /* Rambafile */,
				F598B32C239198BA00AB7B55 /* README.md */,
			);
			path = "Non-iOS Resources";
			sourceTree = "<group>";
		};
		F598B2F2239198BA00AB7B55 /* Third Party */ = {
			isa = PBXGroup;
			children = (
				F598B2F3239198BA00AB7B55 /* .gitkeep */,
			);
			path = "Third Party";
			sourceTree = "<group>";
		};
		F598B2F4239198BA00AB7B55 /* Services */ = {
			isa = PBXGroup;
			children = (
				F5D27C602392B7CF00D2E5F3 /* Endpoints */,
				F5D27C632392B89C00D2E5F3 /* SeeService.swift */,
			);
			path = Services;
			sourceTree = "<group>";
		};
		F598B2F6239198BA00AB7B55 /* Resources */ = {
			isa = PBXGroup;
			children = (
				F55F5CE6239268C700890055 /* Animation */,
				F598B2F7239198BA00AB7B55 /* Strings */,
				F598B2F9239198BA00AB7B55 /* Images */,
				F598B2FB239198BA00AB7B55 /* Constants */,
				F598B2FD239198BA00AB7B55 /* Fonts */,
				F598B321239198BA00AB7B55 /* Colors */,
			);
			path = Resources;
			sourceTree = "<group>";
		};
		F598B2F7239198BA00AB7B55 /* Strings */ = {
			isa = PBXGroup;
			children = (
				F598B2F8239198BA00AB7B55 /* .gitkeep */,
				F598B31A239198BA00AB7B55 /* Localizable.strings */,
				F598B31F239198BA00AB7B55 /* Strings.swift */,
			);
			path = Strings;
			sourceTree = "<group>";
		};
		F598B2F9239198BA00AB7B55 /* Images */ = {
			isa = PBXGroup;
			children = (
				F598B2FA239198BA00AB7B55 /* .gitkeep */,
				F598B314239198BA00AB7B55 /* Assets.xcassets */,
				F598B31B239198BA00AB7B55 /* Assets.swift */,
			);
			path = Images;
			sourceTree = "<group>";
		};
		F598B2FB239198BA00AB7B55 /* Constants */ = {
			isa = PBXGroup;
			children = (
				F598B2FC239198BA00AB7B55 /* .gitkeep */,
			);
			path = Constants;
			sourceTree = "<group>";
		};
		F598B2FD239198BA00AB7B55 /* Fonts */ = {
			isa = PBXGroup;
			children = (
				F598B2FE239198BA00AB7B55 /* .gitkeep */,
				F598B31D239198BA00AB7B55 /* Fonts.swift */,
			);
			path = Fonts;
			sourceTree = "<group>";
		};
		F598B2FF239198BA00AB7B55 /* Models */ = {
			isa = PBXGroup;
			children = (
				F598B300239198BA00AB7B55 /* Entity */,
				F598B302239198BA00AB7B55 /* Entry */,
			);
			path = Models;
			sourceTree = "<group>";
		};
		F598B300239198BA00AB7B55 /* Entity */ = {
			isa = PBXGroup;
			children = (
				F5D27C692392CB0F00D2E5F3 /* PredictedBoxEntity.swift */,
				F5D27C7D2393C49800D2E5F3 /* ClotheItemEntity.swift */,
				F5D27C842394317400D2E5F3 /* WardrobeEntity.swift */,
			);
			path = Entity;
			sourceTree = "<group>";
		};
		F598B302239198BA00AB7B55 /* Entry */ = {
			isa = PBXGroup;
			children = (
				F5D27C672392CA6F00D2E5F3 /* PredictedBoxEntry.swift */,
				F5D27C7B2393C3DC00D2E5F3 /* СlotheItemEntry.swift */,
			);
			path = Entry;
			sourceTree = "<group>";
		};
		F598B304239198BA00AB7B55 /* Library */ = {
			isa = PBXGroup;
			children = (
				F598B305239198BA00AB7B55 /* Base Classes */,
				F598B307239198BA00AB7B55 /* Utils */,
				F598B309239198BA00AB7B55 /* Extensions */,
				F598B30B239198BA00AB7B55 /* Reusable Layer */,
				F598B30D239198BA00AB7B55 /* Protocols */,
				F598B30F239198BA00AB7B55 /* Routers */,
			);
			path = Library;
			sourceTree = "<group>";
		};
		F598B305239198BA00AB7B55 /* Base Classes */ = {
			isa = PBXGroup;
			children = (
				F598B306239198BA00AB7B55 /* .gitkeep */,
			);
			path = "Base Classes";
			sourceTree = "<group>";
		};
		F598B307239198BA00AB7B55 /* Utils */ = {
			isa = PBXGroup;
			children = (
				F5D27C7F2393E6C500D2E5F3 /* DataStorage */,
				F55F5CEC23928F7D00890055 /* LoaderView */,
			);
			path = Utils;
			sourceTree = "<group>";
		};
		F598B309239198BA00AB7B55 /* Extensions */ = {
			isa = PBXGroup;
			children = (
				F55F5CEF2392910000890055 /* UIView.swift */,
				F5D27C652392BD3500D2E5F3 /* UIImage.swift */,
				F5D27C7523939EFA00D2E5F3 /* UITableView.swift */,
				F5D27C792393AAA200D2E5F3 /* String.swift */,
				F5D27C822393E89400D2E5F3 /* EncodableDecodable.swift */,
			);
			path = Extensions;
			sourceTree = "<group>";
		};
		F598B30B239198BA00AB7B55 /* Reusable Layer */ = {
			isa = PBXGroup;
			children = (
				F55F5CF32392A3C600890055 /* UIView */,
				F55F5CE9239278A600890055 /* Buttons */,
			);
			path = "Reusable Layer";
			sourceTree = "<group>";
		};
		F598B30D239198BA00AB7B55 /* Protocols */ = {
			isa = PBXGroup;
			children = (
				F598B32D239198BA00AB7B55 /* ModuleTrasitionable.swift */,
				F55F5CF1239291E000890055 /* StatePresentable.swift */,
			);
			path = Protocols;
			sourceTree = "<group>";
		};
		F598B30F239198BA00AB7B55 /* Routers */ = {
			isa = PBXGroup;
			children = (
				F598B310239198BA00AB7B55 /* .gitkeep */,
			);
			path = Routers;
			sourceTree = "<group>";
		};
		F598B311239198BA00AB7B55 /* Application */ = {
			isa = PBXGroup;
			children = (
				F598B312239198BA00AB7B55 /* LaunchScreen.xib */,
				F598B316239198BA00AB7B55 /* AppDelegate.swift */,
			);
			path = Application;
			sourceTree = "<group>";
		};
		F598B318239198BA00AB7B55 /* User Stories */ = {
			isa = PBXGroup;
			children = (
				FD1557C775683963BD670E1C /* Camera */,
				39D61B75A1122F06DB60C494 /* Predicted */,
				B266CCC44B8747812B633FDE /* Collection */,
				7B6A55E1657B3F06E16B68C2 /* MyFavorites */,
				2D14FE82AFF9A3B7D5FEC60E /* MyWardrobe */,
			);
			path = "User Stories";
			sourceTree = "<group>";
		};
		F598B321239198BA00AB7B55 /* Colors */ = {
			isa = PBXGroup;
			children = (
				F598B322239198BA00AB7B55 /* Colors.swift */,
			);
			path = Colors;
			sourceTree = "<group>";
		};
		F598B337239198BB00AB7B55 /* iSeeTests */ = {
			isa = PBXGroup;
			children = (
				F598B338239198BB00AB7B55 /* iSeeTests.swift */,
				F598B33C239198BB00AB7B55 /* .gitkeep */,
				F598B33D239198BB00AB7B55 /* XCTestCase.swift */,
				F598B33F239198BB00AB7B55 /* Info.plist */,
				F598B33A239198BB00AB7B55 /* Tests */,
			);
			path = iSeeTests;
			sourceTree = "<group>";
		};
		F598B33A239198BB00AB7B55 /* Tests */ = {
			isa = PBXGroup;
			children = (
				F598B33B239198BB00AB7B55 /* .gitkeep */,
				5927BF7E2B40719EB90272BE /* User Stories */,
			);
			path = Tests;
			sourceTree = "<group>";
		};
		F5D27C602392B7CF00D2E5F3 /* Endpoints */ = {
			isa = PBXGroup;
			children = (
				F5D27C612392B7E800D2E5F3 /* MainRoute.swift */,
			);
			path = Endpoints;
			sourceTree = "<group>";
		};
		F5D27C6F23939B6C00D2E5F3 /* Adapter */ = {
			isa = PBXGroup;
			children = (
				F5D27C7023939B7500D2E5F3 /* Cells */,
				F5D27C7723939F6C00D2E5F3 /* CollectionAdapter.swift */,
			);
			path = Adapter;
			sourceTree = "<group>";
		};
		F5D27C7023939B7500D2E5F3 /* Cells */ = {
			isa = PBXGroup;
			children = (
				F5D27C7123939B9700D2E5F3 /* CollectionItemCell.swift */,
			);
			path = Cells;
			sourceTree = "<group>";
		};
		F5D27C7F2393E6C500D2E5F3 /* DataStorage */ = {
			isa = PBXGroup;
			children = (
				F5D27C802393E6D500D2E5F3 /* DataStorage.swift */,
			);
			path = DataStorage;
			sourceTree = "<group>";
		};
		F8EA1F2672B794CC454A5575 /* Presenter */ = {
			isa = PBXGroup;
			children = (
				59C8B73529300897C6F3681E /* CollectionPresenter.swift */,
				D1FE99423050C86F0DA9AFCC /* CollectionModuleInput.swift */,
				27A78FAAEB12CFB1975BA59D /* CollectionModuleOutput.swift */,
			);
			path = Presenter;
			sourceTree = "<group>";
		};
		F9171B14F70607C11A697B2A /* Collection */ = {
			isa = PBXGroup;
			children = (
				BD1B3F752542B73980BB15F2 /* Configurator */,
				52181C03D3522FEE14E7E7CE /* Router */,
				20EEAE61808C87B912AAB9D2 /* Presenter */,
				4D3A5621C5D73733F975B9B7 /* View */,
			);
			path = Collection;
			sourceTree = "<group>";
		};
		FA74DA47227394F85C27FA43 /* Router */ = {
			isa = PBXGroup;
			children = (
				CA6274E4DA2B54031D51B4AA /* CollectionRouter.swift */,
				9C589D24F4992D871DCC7DC2 /* CollectionRouterInput.swift */,
			);
			path = Router;
			sourceTree = "<group>";
		};
		FD1557C775683963BD670E1C /* Camera */ = {
			isa = PBXGroup;
			children = (
				801C903F4EB32504EDE46FA1 /* Configurator */,
				4ADC220CF31D10D747A0F804 /* Router */,
				B9CC7E8D354516F424DB082C /* Presenter */,
				9540D8656A98593CCADD8A2D /* View */,
			);
			path = Camera;
			sourceTree = "<group>";
		};
		FF0ECB988941BC4DA076F50D /* MyWardrobe */ = {
			isa = PBXGroup;
			children = (
				9AC8A2DA30F3179919FC8E70 /* Configurator */,
				28E16525DAA4BACC730B6613 /* Router */,
				C548EFB4FCFBD7CF76CCA753 /* Presenter */,
				2AE6A70C6C3175E3F42FEE3B /* View */,
			);
			path = MyWardrobe;
			sourceTree = "<group>";
		};
/* End PBXGroup section */

/* Begin PBXNativeTarget section */
		F598B2E5239198BA00AB7B55 /* iSee */ = {
			isa = PBXNativeTarget;
			buildConfigurationList = F598B342239198BB00AB7B55 /* Build configuration list for PBXNativeTarget "iSee" */;
			buildPhases = (
				3F82A2AB08920479B6E2D304 /* [CP] Check Pods Manifest.lock */,
				F598B2E0239198BA00AB7B55 /* Sources */,
				F598B2E1239198BA00AB7B55 /* Frameworks */,
				F598B2E2239198BA00AB7B55 /* Resources */,
				F598B2E3239198BA00AB7B55 /* Swift Lint */,
				F598B2E4239198BA00AB7B55 /* Swift Gen */,
				9AECC3909651195CEE379716 /* [CP] Embed Pods Frameworks */,
			);
			buildRules = (
			);
			dependencies = (
			);
			name = iSee;
			productName = iSee;
			productReference = F598B2E6239198BA00AB7B55 /* SHKAF.app */;
			productType = "com.apple.product-type.application";
		};
		F598B333239198BB00AB7B55 /* iSeeTests */ = {
			isa = PBXNativeTarget;
			buildConfigurationList = F598B345239198BB00AB7B55 /* Build configuration list for PBXNativeTarget "iSeeTests" */;
			buildPhases = (
				F598B330239198BB00AB7B55 /* Sources */,
				F598B331239198BB00AB7B55 /* Frameworks */,
				F598B332239198BB00AB7B55 /* Resources */,
			);
			buildRules = (
			);
			dependencies = (
				F598B336239198BB00AB7B55 /* PBXTargetDependency */,
			);
			name = iSeeTests;
			productName = iSeeTests;
			productReference = F598B334239198BB00AB7B55 /* iSeeTests.xctest */;
			productType = "com.apple.product-type.bundle.unit-test";
		};
/* End PBXNativeTarget section */

/* Begin PBXProject section */
		F598B2DC239198BA00AB7B55 /* Project object */ = {
			isa = PBXProject;
			attributes = {
				LastSwiftUpdateCheck = 1110;
				LastUpgradeCheck = 1110;
				ORGANIZATIONNAME = Vlad;
				TargetAttributes = {
					F598B2E5239198BA00AB7B55 = {
						CreatedOnToolsVersion = 11.1;
					};
					F598B333239198BB00AB7B55 = {
						CreatedOnToolsVersion = 11.1;
						TestTargetID = F598B2E5239198BA00AB7B55;
					};
				};
			};
			buildConfigurationList = F598B2DF239198BA00AB7B55 /* Build configuration list for PBXProject "iSee" */;
			compatibilityVersion = "Xcode 9.3";
			developmentRegion = en;
			hasScannedForEncodings = 0;
			knownRegions = (
				en,
				Base,
			);
			mainGroup = F598B2DB239198BA00AB7B55;
			productRefGroup = F598B2E7239198BA00AB7B55 /* Products */;
			projectDirPath = "";
			projectRoot = "";
			targets = (
				F598B2E5239198BA00AB7B55 /* iSee */,
				F598B333239198BB00AB7B55 /* iSeeTests */,
			);
		};
/* End PBXProject section */

/* Begin PBXResourcesBuildPhase section */
		F598B2E2239198BA00AB7B55 /* Resources */ = {
			isa = PBXResourcesBuildPhase;
			buildActionMask = 2147483647;
			files = (
				F5D27C5F2392B10E00D2E5F3 /* reverseLensAnimation.json in Resources */,
				F598B327239198BA00AB7B55 /* .swiftlint.yml in Resources */,
				F598B313239198BA00AB7B55 /* LaunchScreen.xib in Resources */,
				F598B325239198BA00AB7B55 /* swiftgen.yml in Resources */,
				F598B2F1239198BA00AB7B55 /* .gitignore in Resources */,
				F598B2EF239198BA00AB7B55 /* Podfile in Resources */,
				F598B2ED239198BA00AB7B55 /* ci in Resources */,
				F55F5CE8239268DB00890055 /* lensAnimation.json in Resources */,
				F598B315239198BA00AB7B55 /* Assets.xcassets in Resources */,
				F598B2EB239198BA00AB7B55 /* fastlane in Resources */,
				27CD1EE88699E4748B5C09FE /* CameraViewController.storyboard in Resources */,
				555C1267EB7594B068DE96FA /* PredictedViewController.storyboard in Resources */,
				E448F5FF4B83645BFA214886 /* CollectionViewController.storyboard in Resources */,
				F112320CB5A25ACCED3EF425 /* MyFavoritesViewController.storyboard in Resources */,
				4BB8A8A2AFC4FC047A085F63 /* MyWardrobeViewController.storyboard in Resources */,
			);
			runOnlyForDeploymentPostprocessing = 0;
		};
		F598B332239198BB00AB7B55 /* Resources */ = {
			isa = PBXResourcesBuildPhase;
			buildActionMask = 2147483647;
			files = (
			);
			runOnlyForDeploymentPostprocessing = 0;
		};
/* End PBXResourcesBuildPhase section */

/* Begin PBXShellScriptBuildPhase section */
		3F82A2AB08920479B6E2D304 /* [CP] Check Pods Manifest.lock */ = {
			isa = PBXShellScriptBuildPhase;
			buildActionMask = 2147483647;
			files = (
			);
			inputFileListPaths = (
			);
			inputPaths = (
				"${PODS_PODFILE_DIR_PATH}/Podfile.lock",
				"${PODS_ROOT}/Manifest.lock",
			);
			name = "[CP] Check Pods Manifest.lock";
			outputFileListPaths = (
			);
			outputPaths = (
				"$(DERIVED_FILE_DIR)/Pods-iSee-checkManifestLockResult.txt",
			);
			runOnlyForDeploymentPostprocessing = 0;
			shellPath = /bin/sh;
			shellScript = "diff \"${PODS_PODFILE_DIR_PATH}/Podfile.lock\" \"${PODS_ROOT}/Manifest.lock\" > /dev/null\nif [ $? != 0 ] ; then\n    # print error to STDERR\n    echo \"error: The sandbox is not in sync with the Podfile.lock. Run 'pod install' or update your CocoaPods installation.\" >&2\n    exit 1\nfi\n# This output is used by Xcode 'outputs' to avoid re-running this script phase.\necho \"SUCCESS\" > \"${SCRIPT_OUTPUT_FILE_0}\"\n";
			showEnvVarsInLog = 0;
		};
		9AECC3909651195CEE379716 /* [CP] Embed Pods Frameworks */ = {
			isa = PBXShellScriptBuildPhase;
			buildActionMask = 2147483647;
			files = (
			);
			inputFileListPaths = (
				"${PODS_ROOT}/Target Support Files/Pods-iSee/Pods-iSee-frameworks-${CONFIGURATION}-input-files.xcfilelist",
			);
			name = "[CP] Embed Pods Frameworks";
			outputFileListPaths = (
				"${PODS_ROOT}/Target Support Files/Pods-iSee/Pods-iSee-frameworks-${CONFIGURATION}-output-files.xcfilelist",
			);
			runOnlyForDeploymentPostprocessing = 0;
			shellPath = /bin/sh;
			shellScript = "\"${PODS_ROOT}/Target Support Files/Pods-iSee/Pods-iSee-frameworks.sh\"\n";
			showEnvVarsInLog = 0;
		};
		F598B2E3239198BA00AB7B55 /* Swift Lint */ = {
			isa = PBXShellScriptBuildPhase;
			buildActionMask = 2147483647;
			files = (
			);
			inputFileListPaths = (
			);
			inputPaths = (
			);
			name = "Swift Lint";
			outputFileListPaths = (
			);
			outputPaths = (
			);
			runOnlyForDeploymentPostprocessing = 0;
			shellPath = /bin/sh;
			shellScript = "${SRCROOT}/Pods/SwiftLint/swiftlint --config \"${SRCROOT}/.swiftlint.yml\"";
		};
		F598B2E4239198BA00AB7B55 /* Swift Gen */ = {
			isa = PBXShellScriptBuildPhase;
			buildActionMask = 2147483647;
			files = (
			);
			inputFileListPaths = (
			);
			inputPaths = (
			);
			name = "Swift Gen";
			outputFileListPaths = (
			);
			outputPaths = (
			);
			runOnlyForDeploymentPostprocessing = 0;
			shellPath = /bin/sh;
			shellScript = "${SRCROOT}/Pods/SwiftGen/bin/swiftgen";
		};
/* End PBXShellScriptBuildPhase section */

/* Begin PBXSourcesBuildPhase section */
		F598B2E0239198BA00AB7B55 /* Sources */ = {
			isa = PBXSourcesBuildPhase;
			buildActionMask = 2147483647;
			files = (
				F5D27C6C2392F0EF00D2E5F3 /* PointView.swift in Sources */,
				F598B31C239198BA00AB7B55 /* Assets.swift in Sources */,
				F598B323239198BA00AB7B55 /* Colors.swift in Sources */,
				F598B31E239198BA00AB7B55 /* Fonts.swift in Sources */,
				F5D27C7C2393C3DC00D2E5F3 /* СlotheItemEntry.swift in Sources */,
				F598B32E239198BA00AB7B55 /* ModuleTrasitionable.swift in Sources */,
				F598B320239198BA00AB7B55 /* Strings.swift in Sources */,
				F55F5CEB239278CC00890055 /* ShotButton.swift in Sources */,
				F598B317239198BA00AB7B55 /* AppDelegate.swift in Sources */,
				F55F5CF2239291E000890055 /* StatePresentable.swift in Sources */,
				0BAF214F3B7A7079F5DFF9C8 /* CameraModuleConfigurator.swift in Sources */,
				026DD9719B25B6B0DC6AC873 /* CameraRouter.swift in Sources */,
				9BBD2ED45A71761E809D505B /* CameraRouterInput.swift in Sources */,
				14EAAEFF4DEEF2F94B18B11F /* CameraPresenter.swift in Sources */,
				37B1DF5505D422C8EE6545C0 /* CameraModuleInput.swift in Sources */,
				F5D27C642392B89C00D2E5F3 /* SeeService.swift in Sources */,
				3261E9D49AFAF425D223727C /* CameraModuleOutput.swift in Sources */,
				3A5844C8E11D7FB9FE8DCDF4 /* CameraViewController.swift in Sources */,
				F55F5CEE23928F8E00890055 /* LoaderView.swift in Sources */,
				F5D27C7A2393AAA200D2E5F3 /* String.swift in Sources */,
				F5D27C682392CA6F00D2E5F3 /* PredictedBoxEntry.swift in Sources */,
				58569EB1E42AED7422200145 /* CameraViewInput.swift in Sources */,
				F5D27C7323939B9700D2E5F3 /* CollectionItemCell.swift in Sources */,
				F55F5CF52392A3E600890055 /* PreviewImageView.swift in Sources */,
				F5D27C6A2392CB0F00D2E5F3 /* PredictedBoxEntity.swift in Sources */,
				F5D27C832393E89400D2E5F3 /* EncodableDecodable.swift in Sources */,
				F5D27C7623939EFA00D2E5F3 /* UITableView.swift in Sources */,
				F5D27C662392BD3500D2E5F3 /* UIImage.swift in Sources */,
				F55F5CF02392910000890055 /* UIView.swift in Sources */,
				F5D27C622392B7E800D2E5F3 /* MainRoute.swift in Sources */,
				ED3FBAECFC7BB40470B50215 /* CameraViewOutput.swift in Sources */,
				DE4317636762FFC01E0BC884 /* PredictedModuleConfigurator.swift in Sources */,
				F5D27C6E2393224A00D2E5F3 /* CollectionButton.swift in Sources */,
				A69B1C7516222A9EBD416520 /* PredictedRouter.swift in Sources */,
				F5D27C7823939F6C00D2E5F3 /* CollectionAdapter.swift in Sources */,
				1333D7BA8D6CA9C74D0E3649 /* PredictedRouterInput.swift in Sources */,
				F5D27C812393E6D500D2E5F3 /* DataStorage.swift in Sources */,
				1EB4C49286D1DA4335316335 /* PredictedPresenter.swift in Sources */,
				9E7A1DD95353E5BA6ECD4AD7 /* PredictedModuleInput.swift in Sources */,
				A6524CF75243B0A729514A39 /* PredictedModuleOutput.swift in Sources */,
				DF0C556878A3848C046AB29F /* PredictedViewController.swift in Sources */,
				3BA73E89CFA57CB2237C1973 /* PredictedViewInput.swift in Sources */,
				CB374865115B914506509DA7 /* PredictedViewOutput.swift in Sources */,
				F591B19A23943CB000A9283F /* WardrobeAdapter.swift in Sources */,
				2805DBE5439098F7D16D476D /* CollectionModuleConfigurator.swift in Sources */,
				8B934DD17CFDB163C3261B25 /* CollectionRouter.swift in Sources */,
				22833E450B8F27F10D5E85F1 /* CollectionRouterInput.swift in Sources */,
				5C1E802A650150F723A8B656 /* CollectionPresenter.swift in Sources */,
				747A21D9A44F1630F6EADCFC /* CollectionModuleInput.swift in Sources */,
				60FB4D4661906758F831B51F /* CollectionModuleOutput.swift in Sources */,
				FDCF912F28180E7B8BC93262 /* CollectionViewController.swift in Sources */,
				F5D27C852394317400D2E5F3 /* WardrobeEntity.swift in Sources */,
				F5D27C7E2393C49800D2E5F3 /* ClotheItemEntity.swift in Sources */,
				6923A47E37CB717FDA529D92 /* CollectionViewInput.swift in Sources */,
				EFCF0A6AE973886DE1A65FEC /* CollectionViewOutput.swift in Sources */,
				A22C02BC4FA23E12ABFCE9D9 /* MyFavoritesModuleConfigurator.swift in Sources */,
				D2EFE09850B100A667629C47 /* MyFavoritesRouter.swift in Sources */,
				D53BEA2A18B1035CCC42470C /* MyFavoritesRouterInput.swift in Sources */,
				6A6F2B15E54215F9B6A1F410 /* MyFavoritesPresenter.swift in Sources */,
				9C0AE62F211606D832FF2701 /* MyFavoritesModuleInput.swift in Sources */,
				40A8E1C64EFA0AB4B093655E /* MyFavoritesModuleOutput.swift in Sources */,
				4A3BD0C1B1855D4E2C32B886 /* MyFavoritesViewController.swift in Sources */,
				8E355709B3107983EF7A0B5E /* MyFavoritesViewInput.swift in Sources */,
				44A895EE07139020A8CD467D /* MyFavoritesViewOutput.swift in Sources */,
				4F4DED865BD1330378BD9B38 /* MyWardrobeModuleConfigurator.swift in Sources */,
				C7E4EB9DCC77F204922DFE39 /* MyWardrobeRouter.swift in Sources */,
				00FA99E7929F35986480B2D1 /* MyWardrobeRouterInput.swift in Sources */,
				DCB73F470DA6F15C433E824E /* MyWardrobePresenter.swift in Sources */,
				11C2935DD974BBDF41D2C069 /* MyWardrobeModuleInput.swift in Sources */,
				063FC05CD891C082B9D9EF81 /* MyWardrobeModuleOutput.swift in Sources */,
				EB5FFD2265EEC517F79C6114 /* MyWardrobeViewController.swift in Sources */,
				DA25C93E32D2ED2165B88A74 /* MyWardrobeViewInput.swift in Sources */,
				6306801551BD2F088D11D38E /* MyWardrobeViewOutput.swift in Sources */,
				F591B19823943B4F00A9283F /* WardrobeCell.swift in Sources */,
			);
			runOnlyForDeploymentPostprocessing = 0;
		};
		F598B330239198BB00AB7B55 /* Sources */ = {
			isa = PBXSourcesBuildPhase;
			buildActionMask = 2147483647;
			files = (
				F598B33E239198BB00AB7B55 /* XCTestCase.swift in Sources */,
				F598B339239198BB00AB7B55 /* iSeeTests.swift in Sources */,
				B73A8C1FF2180DBF9F6F2F8B /* CameraModuleConfiguratorTests.swift in Sources */,
				0EC75D1C60FD4BF9F0F5A445 /* CameraRouterTests.swift in Sources */,
				4EC9FC3ADD85D9A26EEB03D4 /* CameraPresenterTests.swift in Sources */,
				A28705C4DF7553B159A938B2 /* CameraViewTests.swift in Sources */,
				7345C954CCB65DE847919657 /* PredictedModuleConfiguratorTests.swift in Sources */,
				CE41F0BBDFC6D712E6FE5257 /* PredictedRouterTests.swift in Sources */,
				1E0C27D7790082494634107D /* PredictedPresenterTests.swift in Sources */,
				8CF34EB833F9BEFB94E76E0F /* PredictedViewTests.swift in Sources */,
				5E3B14830F681C25160A8A8E /* CollectionModuleConfiguratorTests.swift in Sources */,
				CB3E491AD7AF11AD8984F0D1 /* CollectionRouterTests.swift in Sources */,
				A279DD1777B96A1ACAE6005F /* CollectionPresenterTests.swift in Sources */,
				3BDF52A2E65A0D8B2236EB01 /* CollectionViewTests.swift in Sources */,
				A2DE87FC5E98D13BE9BE381B /* MyFavoritesModuleConfiguratorTests.swift in Sources */,
				B8CBAE1B94EAD8F255406891 /* MyFavoritesRouterTests.swift in Sources */,
				403D6D11FCFAA5619759E569 /* MyFavoritesPresenterTests.swift in Sources */,
				64842AF3E3B0F5CA5E31557C /* MyFavoritesViewTests.swift in Sources */,
				E9B9C7E2C76DEA158B616381 /* MyWardrobeModuleConfiguratorTests.swift in Sources */,
				9E569EDDEA7A1071E44682F8 /* MyWardrobeRouterTests.swift in Sources */,
				93E6BF4249BC0BDC7A1F716D /* MyWardrobePresenterTests.swift in Sources */,
				DA4B2B636D8F704DD77DAC15 /* MyWardrobeViewTests.swift in Sources */,
			);
			runOnlyForDeploymentPostprocessing = 0;
		};
/* End PBXSourcesBuildPhase section */

/* Begin PBXTargetDependency section */
		F598B336239198BB00AB7B55 /* PBXTargetDependency */ = {
			isa = PBXTargetDependency;
			target = F598B2E5239198BA00AB7B55 /* iSee */;
			targetProxy = F598B335239198BB00AB7B55 /* PBXContainerItemProxy */;
		};
/* End PBXTargetDependency section */

/* Begin XCBuildConfiguration section */
		F598B340239198BB00AB7B55 /* Debug */ = {
			isa = XCBuildConfiguration;
			buildSettings = {
				ALWAYS_SEARCH_USER_PATHS = NO;
				CLANG_ANALYZER_NONNULL = YES;
				CLANG_ANALYZER_NUMBER_OBJECT_CONVERSION = YES_AGGRESSIVE;
				CLANG_CXX_LANGUAGE_STANDARD = "gnu++14";
				CLANG_CXX_LIBRARY = "libc++";
				CLANG_ENABLE_MODULES = YES;
				CLANG_ENABLE_OBJC_ARC = YES;
				CLANG_ENABLE_OBJC_WEAK = YES;
				CLANG_WARN_BLOCK_CAPTURE_AUTORELEASING = YES;
				CLANG_WARN_BOOL_CONVERSION = YES;
				CLANG_WARN_COMMA = YES;
				CLANG_WARN_CONSTANT_CONVERSION = YES;
				CLANG_WARN_DEPRECATED_OBJC_IMPLEMENTATIONS = YES;
				CLANG_WARN_DIRECT_OBJC_ISA_USAGE = YES_ERROR;
				CLANG_WARN_DOCUMENTATION_COMMENTS = YES;
				CLANG_WARN_EMPTY_BODY = YES;
				CLANG_WARN_ENUM_CONVERSION = YES;
				CLANG_WARN_INFINITE_RECURSION = YES;
				CLANG_WARN_INT_CONVERSION = YES;
				CLANG_WARN_NON_LITERAL_NULL_CONVERSION = YES;
				CLANG_WARN_OBJC_IMPLICIT_RETAIN_SELF = YES;
				CLANG_WARN_OBJC_LITERAL_CONVERSION = YES;
				CLANG_WARN_OBJC_ROOT_CLASS = YES_ERROR;
				CLANG_WARN_RANGE_LOOP_ANALYSIS = YES;
				CLANG_WARN_STRICT_PROTOTYPES = YES;
				CLANG_WARN_SUSPICIOUS_MOVE = YES;
				CLANG_WARN_UNGUARDED_AVAILABILITY = YES_AGGRESSIVE;
				CLANG_WARN_UNREACHABLE_CODE = YES;
				CLANG_WARN__DUPLICATE_METHOD_MATCH = YES;
				COPY_PHASE_STRIP = NO;
				DEBUG_INFORMATION_FORMAT = dwarf;
				ENABLE_STRICT_OBJC_MSGSEND = YES;
				ENABLE_TESTABILITY = YES;
				GCC_C_LANGUAGE_STANDARD = gnu11;
				GCC_DYNAMIC_NO_PIC = NO;
				GCC_NO_COMMON_BLOCKS = YES;
				GCC_OPTIMIZATION_LEVEL = 0;
				GCC_PREPROCESSOR_DEFINITIONS = (
					"DEBUG=1",
					"$(inherited)",
				);
				GCC_WARN_64_TO_32_BIT_CONVERSION = YES;
				GCC_WARN_ABOUT_RETURN_TYPE = YES_ERROR;
				GCC_WARN_UNDECLARED_SELECTOR = YES;
				GCC_WARN_UNINITIALIZED_AUTOS = YES_AGGRESSIVE;
				GCC_WARN_UNUSED_FUNCTION = YES;
				GCC_WARN_UNUSED_VARIABLE = YES;
				IPHONEOS_DEPLOYMENT_TARGET = 13.1;
				MTL_ENABLE_DEBUG_INFO = INCLUDE_SOURCE;
				MTL_FAST_MATH = YES;
				ONLY_ACTIVE_ARCH = YES;
				SDKROOT = iphoneos;
				SWIFT_ACTIVE_COMPILATION_CONDITIONS = DEBUG;
				SWIFT_OPTIMIZATION_LEVEL = "-Onone";
			};
			name = Debug;
		};
		F598B341239198BB00AB7B55 /* Release */ = {
			isa = XCBuildConfiguration;
			buildSettings = {
				ALWAYS_SEARCH_USER_PATHS = NO;
				CLANG_ANALYZER_NONNULL = YES;
				CLANG_ANALYZER_NUMBER_OBJECT_CONVERSION = YES_AGGRESSIVE;
				CLANG_CXX_LANGUAGE_STANDARD = "gnu++14";
				CLANG_CXX_LIBRARY = "libc++";
				CLANG_ENABLE_MODULES = YES;
				CLANG_ENABLE_OBJC_ARC = YES;
				CLANG_ENABLE_OBJC_WEAK = YES;
				CLANG_WARN_BLOCK_CAPTURE_AUTORELEASING = YES;
				CLANG_WARN_BOOL_CONVERSION = YES;
				CLANG_WARN_COMMA = YES;
				CLANG_WARN_CONSTANT_CONVERSION = YES;
				CLANG_WARN_DEPRECATED_OBJC_IMPLEMENTATIONS = YES;
				CLANG_WARN_DIRECT_OBJC_ISA_USAGE = YES_ERROR;
				CLANG_WARN_DOCUMENTATION_COMMENTS = YES;
				CLANG_WARN_EMPTY_BODY = YES;
				CLANG_WARN_ENUM_CONVERSION = YES;
				CLANG_WARN_INFINITE_RECURSION = YES;
				CLANG_WARN_INT_CONVERSION = YES;
				CLANG_WARN_NON_LITERAL_NULL_CONVERSION = YES;
				CLANG_WARN_OBJC_IMPLICIT_RETAIN_SELF = YES;
				CLANG_WARN_OBJC_LITERAL_CONVERSION = YES;
				CLANG_WARN_OBJC_ROOT_CLASS = YES_ERROR;
				CLANG_WARN_RANGE_LOOP_ANALYSIS = YES;
				CLANG_WARN_STRICT_PROTOTYPES = YES;
				CLANG_WARN_SUSPICIOUS_MOVE = YES;
				CLANG_WARN_UNGUARDED_AVAILABILITY = YES_AGGRESSIVE;
				CLANG_WARN_UNREACHABLE_CODE = YES;
				CLANG_WARN__DUPLICATE_METHOD_MATCH = YES;
				COPY_PHASE_STRIP = NO;
				DEBUG_INFORMATION_FORMAT = "dwarf-with-dsym";
				ENABLE_NS_ASSERTIONS = NO;
				ENABLE_STRICT_OBJC_MSGSEND = YES;
				GCC_C_LANGUAGE_STANDARD = gnu11;
				GCC_NO_COMMON_BLOCKS = YES;
				GCC_WARN_64_TO_32_BIT_CONVERSION = YES;
				GCC_WARN_ABOUT_RETURN_TYPE = YES_ERROR;
				GCC_WARN_UNDECLARED_SELECTOR = YES;
				GCC_WARN_UNINITIALIZED_AUTOS = YES_AGGRESSIVE;
				GCC_WARN_UNUSED_FUNCTION = YES;
				GCC_WARN_UNUSED_VARIABLE = YES;
				IPHONEOS_DEPLOYMENT_TARGET = 13.1;
				MTL_ENABLE_DEBUG_INFO = NO;
				MTL_FAST_MATH = YES;
				SDKROOT = iphoneos;
				SWIFT_COMPILATION_MODE = wholemodule;
				SWIFT_OPTIMIZATION_LEVEL = "-O";
				VALIDATE_PRODUCT = YES;
			};
			name = Release;
		};
		F598B343239198BB00AB7B55 /* Debug */ = {
			isa = XCBuildConfiguration;
			baseConfigurationReference = BDA159A1F6EF7F2163B114B0 /* Pods-iSee.debug.xcconfig */;
			buildSettings = {
				ASSETCATALOG_COMPILER_APPICON_NAME = AppIcon;
				CODE_SIGN_STYLE = Automatic;
				DEVELOPMENT_TEAM = JE6A9LTMD3;
				INFOPLIST_FILE = iSee/Info.plist;
				IPHONEOS_DEPLOYMENT_TARGET = 13.0;
				LD_RUNPATH_SEARCH_PATHS = (
					"$(inherited)",
					"@executable_path/Frameworks",
				);
				PRODUCT_BUNDLE_IDENTIFIER = DataGym.iSee;
				PRODUCT_NAME = SHKAF;
				SWIFT_VERSION = 5.0;
				TARGETED_DEVICE_FAMILY = 1;
			};
			name = Debug;
		};
		F598B344239198BB00AB7B55 /* Release */ = {
			isa = XCBuildConfiguration;
			baseConfigurationReference = D566E4ADD8265C1AD4D2D1AD /* Pods-iSee.release.xcconfig */;
			buildSettings = {
				ASSETCATALOG_COMPILER_APPICON_NAME = AppIcon;
				CODE_SIGN_STYLE = Automatic;
				DEVELOPMENT_TEAM = JE6A9LTMD3;
				INFOPLIST_FILE = iSee/Info.plist;
				IPHONEOS_DEPLOYMENT_TARGET = 13.0;
				LD_RUNPATH_SEARCH_PATHS = (
					"$(inherited)",
					"@executable_path/Frameworks",
				);
				PRODUCT_BUNDLE_IDENTIFIER = DataGym.iSee;
				PRODUCT_NAME = SHKAF;
				SWIFT_VERSION = 5.0;
				TARGETED_DEVICE_FAMILY = 1;
			};
			name = Release;
		};
		F598B346239198BB00AB7B55 /* Debug */ = {
			isa = XCBuildConfiguration;
			buildSettings = {
				ALWAYS_EMBED_SWIFT_STANDARD_LIBRARIES = YES;
				BUNDLE_LOADER = "$(TEST_HOST)";
				CODE_SIGN_STYLE = Automatic;
				DEVELOPMENT_TEAM = JE6A9LTMD3;
				INFOPLIST_FILE = iSeeTests/Info.plist;
				LD_RUNPATH_SEARCH_PATHS = (
					"$(inherited)",
					"@executable_path/Frameworks",
					"@loader_path/Frameworks",
				);
				PRODUCT_BUNDLE_IDENTIFIER = DataGym.iSeeTests;
				PRODUCT_NAME = "$(TARGET_NAME)";
				SWIFT_VERSION = 5.0;
				TARGETED_DEVICE_FAMILY = "1,2";
				TEST_HOST = "$(BUILT_PRODUCTS_DIR)/iSee.app/iSee";
			};
			name = Debug;
		};
		F598B347239198BB00AB7B55 /* Release */ = {
			isa = XCBuildConfiguration;
			buildSettings = {
				ALWAYS_EMBED_SWIFT_STANDARD_LIBRARIES = YES;
				BUNDLE_LOADER = "$(TEST_HOST)";
				CODE_SIGN_STYLE = Automatic;
				DEVELOPMENT_TEAM = JE6A9LTMD3;
				INFOPLIST_FILE = iSeeTests/Info.plist;
				LD_RUNPATH_SEARCH_PATHS = (
					"$(inherited)",
					"@executable_path/Frameworks",
					"@loader_path/Frameworks",
				);
				PRODUCT_BUNDLE_IDENTIFIER = DataGym.iSeeTests;
				PRODUCT_NAME = "$(TARGET_NAME)";
				SWIFT_VERSION = 5.0;
				TARGETED_DEVICE_FAMILY = "1,2";
				TEST_HOST = "$(BUILT_PRODUCTS_DIR)/iSee.app/iSee";
			};
			name = Release;
		};
/* End XCBuildConfiguration section */

/* Begin XCConfigurationList section */
		F598B2DF239198BA00AB7B55 /* Build configuration list for PBXProject "iSee" */ = {
			isa = XCConfigurationList;
			buildConfigurations = (
				F598B340239198BB00AB7B55 /* Debug */,
				F598B341239198BB00AB7B55 /* Release */,
			);
			defaultConfigurationIsVisible = 0;
			defaultConfigurationName = Release;
		};
		F598B342239198BB00AB7B55 /* Build configuration list for PBXNativeTarget "iSee" */ = {
			isa = XCConfigurationList;
			buildConfigurations = (
				F598B343239198BB00AB7B55 /* Debug */,
				F598B344239198BB00AB7B55 /* Release */,
			);
			defaultConfigurationIsVisible = 0;
			defaultConfigurationName = Release;
		};
		F598B345239198BB00AB7B55 /* Build configuration list for PBXNativeTarget "iSeeTests" */ = {
			isa = XCConfigurationList;
			buildConfigurations = (
				F598B346239198BB00AB7B55 /* Debug */,
				F598B347239198BB00AB7B55 /* Release */,
			);
			defaultConfigurationIsVisible = 0;
			defaultConfigurationName = Release;
		};
/* End XCConfigurationList section */
	};
	rootObject = F598B2DC239198BA00AB7B55 /* Project object */;
}
